<?xml version="1.0" encoding="utf-8"?>
<Project ToolsVersion="4.0" xmlns="http://schemas.microsoft.com/developer/msbuild/2003">
  <ItemGroup>
    <Filter Include="DeveloperTools"><UniqueIdentifier>{D5C67B8A-48C7-49A0-9C26-2E4F2A89AC10}</UniqueIdentifier></Filter>
    <Filter Include="DeveloperTools\Game"><UniqueIdentifier>{A2A4D6E2-7B8B-4DD0-8E2B-7C0DAA1FDC4B}</UniqueIdentifier></Filter>
    <Filter Include="DeveloperTools\Scripting"><UniqueIdentifier>{4A2E2D68-AC49-4E25-9F1C-4428D19A6E52}</UniqueIdentifier></Filter>
    <Filter Include="DeveloperTools\Runtime"><UniqueIdentifier>{E4B6D523-57C6-4AE6-8DD1-3B9BEFEC91B1}</UniqueIdentifier></Filter>
    <Filter Include="UI\ImGui"><UniqueIdentifier>{AF2C9B7B-155F-423D-A08F-BEC2B83136AF}</UniqueIdentifier></Filter>
    <Filter Include="UI\ImGui\Bindings"><UniqueIdentifier>{4D2880C9-E335-4F5F-9D11-0C9CA4512D8D}</UniqueIdentifier></Filter>
    <Filter Include="UI\ImGui\Runtime"><UniqueIdentifier>{E6D13D52-9494-4619-A1AF-A55B80EE9907}</UniqueIdentifier></Filter>
    <Filter Include="Automation\Multiplayer\Abilities"><UniqueIdentifier>{6357F32F-AB43-45AA-8C8D-075C9C7FA88C}</UniqueIdentifier></Filter>
    <Filter Include="Automation"><UniqueIdentifier>{2B101883-4812-449E-B961-083ABEF8D7AB}</UniqueIdentifier></Filter>
    <Filter Include="Automation\AppearanceCycle"><UniqueIdentifier>{A528C059-F0F9-4450-9DD0-A68C699E6C56}</UniqueIdentifier></Filter>
    <Filter Include="Automation\CharacterSnapshot"><UniqueIdentifier>{B5F1AA34-F8A6-449F-9EB6-D0F7E08A9A5A}</UniqueIdentifier></Filter>
    <Filter Include="Automation\FrontEnd"><UniqueIdentifier>{E1A4C31D-5C72-4688-9F9C-7B9D9F6A6E41}</UniqueIdentifier></Filter>
    <Filter Include="Automation\FixtureDocuments"><UniqueIdentifier>{418EECF7-E1F0-40B4-8970-EE6C7974D427}</UniqueIdentifier></Filter>
    <Filter Include="Automation\FixtureDocuments\Hooks"><UniqueIdentifier>{479F4F46-41D7-4326-935E-D7F374978AD8}</UniqueIdentifier></Filter>
    <Filter Include="Automation\FixtureDocuments\Native"><UniqueIdentifier>{0C3C854B-D81F-47F8-BEBD-B70D88FC61E3}</UniqueIdentifier></Filter>
    <Filter Include="Automation\LocalInstance"><UniqueIdentifier>{B8BD10DB-CF98-4C82-8335-02E4D1940E89}</UniqueIdentifier></Filter>
    <Filter Include="Automation\LocalInstance\Hooks"><UniqueIdentifier>{63448D74-22A2-4BDB-BEB3-D286E3F9E748}</UniqueIdentifier></Filter>
    <Filter Include="Automation\LocalInstance\Native"><UniqueIdentifier>{F3099718-7D94-4F5C-BD66-0FB9C922698E}</UniqueIdentifier></Filter>
    <Filter Include="Automation\Multiplayer"><UniqueIdentifier>{D0A9A646-06DE-4F72-9139-6259B1581C19}</UniqueIdentifier></Filter>
    <Filter Include="Automation\Multiplayer\Combat"><UniqueIdentifier>{E7CE0FE3-CF60-45B0-8CDD-5175324167B8}</UniqueIdentifier></Filter>
    <Filter Include="Automation\Multiplayer\Persistence"><UniqueIdentifier>{27B5639A-C610-48F4-8366-E4219D16D97F}</UniqueIdentifier></Filter>
    <Filter Include="Automation\Multiplayer\Transition"><UniqueIdentifier>{5B282DB8-DB8E-4A4B-A4DF-46EF1B806A83}</UniqueIdentifier></Filter>
    <Filter Include="Automation\Runtime"><UniqueIdentifier>{9A87905D-F8F4-4D54-A3E8-534742B7D5B4}</UniqueIdentifier></Filter>
    <Filter Include="Automation\TransformProbe"><UniqueIdentifier>{B6E201C9-2D3A-4A0F-9D89-7F0D7A6A4A27}</UniqueIdentifier></Filter>
    <Filter Include="Core"><UniqueIdentifier>{1221615B-6A1D-4BEB-9E47-F97342CF645F}</UniqueIdentifier></Filter>
    <Filter Include="Core\Bootstrap"><UniqueIdentifier>{5B5D3C87-7F7A-4CF8-AD4D-8CE4D8AB0A21}</UniqueIdentifier></Filter>
    <Filter Include="Core\Capabilities"><UniqueIdentifier>{D47B069E-6DF2-4F83-A162-5DD12EFFFAF6}</UniqueIdentifier></Filter>
    <Filter Include="Core\Diagnostics"><UniqueIdentifier>{616263A2-6815-43FD-A1F6-BED028E9AC52}</UniqueIdentifier></Filter>
    <Filter Include="Core\Hooking"><UniqueIdentifier>{3FEAEFCF-0E89-4E19-B3DB-79C3E26833B9}</UniqueIdentifier></Filter>
    <Filter Include="Core\Target"><UniqueIdentifier>{26A2B8D7-8D71-46E5-962A-DBA0E6B4B1A8}</UniqueIdentifier></Filter>
    <Filter Include="Core\GameThread"><UniqueIdentifier>{430EAD3A-A5E2-486E-97A0-490CB9B48B9E}</UniqueIdentifier></Filter>
    <Filter Include="Core\GameThread\Hooks"><UniqueIdentifier>{4A55B6B8-E047-4A10-969F-694FBACD34B8}</UniqueIdentifier></Filter>
    <Filter Include="Core\GameThread\Native"><UniqueIdentifier>{B7466AF1-68EE-448A-A133-F63BF8FD0B1F}</UniqueIdentifier></Filter>
    <Filter Include="Game"><UniqueIdentifier>{8A8460FE-EC0C-4004-9B02-92F3EB78D035}</UniqueIdentifier></Filter>
    <Filter Include="Game\Runtime"><UniqueIdentifier>{F5D04D59-5A83-436C-8BC8-F02B94949A3B}</UniqueIdentifier></Filter>
    <Filter Include="Game\Creature"><UniqueIdentifier>{AB8E12B9-ABA8-4387-A46B-27B55A94FF60}</UniqueIdentifier></Filter>
    <Filter Include="Game\Creature\Actions"><UniqueIdentifier>{901A3156-BE17-4C47-A332-1342CC16893E}</UniqueIdentifier></Filter>
    <Filter Include="Game\Creature\Actions\Hooks"><UniqueIdentifier>{A93C2EC8-0753-4328-961F-6B1454F7DA57}</UniqueIdentifier></Filter>
    <Filter Include="Game\Creature\Actions\Native"><UniqueIdentifier>{D6E283DF-5C81-48ED-9690-D452083B7789}</UniqueIdentifier></Filter>
    <Filter Include="Game\Creature\Animation"><UniqueIdentifier>{0E7C84B4-27BC-4AE8-B7EF-EC197057C31E}</UniqueIdentifier></Filter>
    <Filter Include="Game\Creature\Animation\Native"><UniqueIdentifier>{CEB05411-E5DF-4C39-95AC-BC9BF3E13640}</UniqueIdentifier></Filter>
    <Filter Include="Game\Creature\AI"><UniqueIdentifier>{71EF17CA-C2C4-4B8F-9749-58016FB3BCB5}</UniqueIdentifier></Filter>
    <Filter Include="Game\Creature\AI\Hooks"><UniqueIdentifier>{D24F3B15-333D-49D1-934A-103A6739CF0B}</UniqueIdentifier></Filter>
    <Filter Include="Game\Creature\AI\Native"><UniqueIdentifier>{95C35DA6-E675-4E3C-9FBC-8BC0D88E98D7}</UniqueIdentifier></Filter>
    <Filter Include="Game\Creature\Combat"><UniqueIdentifier>{0F04E30D-A642-4EA4-9C11-A8D7394374A7}</UniqueIdentifier></Filter>
    <Filter Include="Game\Creature\Combat\Bindings"><UniqueIdentifier>{85892042-953B-4A8F-8C0A-01BF439259F7}</UniqueIdentifier></Filter>
    <Filter Include="Game\Creature\Combat\Hooks"><UniqueIdentifier>{B838AB1B-37FD-4957-9F7C-72F3CB5E96BB}</UniqueIdentifier></Filter>
    <Filter Include="Game\Creature\Combat\Native"><UniqueIdentifier>{46590546-E321-4C84-87B6-61905D742635}</UniqueIdentifier></Filter>
    <Filter Include="Game\Creature\Companion"><UniqueIdentifier>{FB58DB01-FEBD-41E6-8D01-22A23F479B7C}</UniqueIdentifier></Filter>
    <Filter Include="Game\Creature\Companion\Native"><UniqueIdentifier>{6240504E-144D-4587-BD56-CF84E26C8CFC}</UniqueIdentifier></Filter>
    <Filter Include="Game\Creature\Equipment"><UniqueIdentifier>{7E412D45-4EC7-47AF-8617-F1E7E44023D3}</UniqueIdentifier></Filter>
    <Filter Include="Game\Creature\Equipment\Hooks"><UniqueIdentifier>{7E5FDE89-F88E-4A9F-B2D8-CFD462841A41}</UniqueIdentifier></Filter>
    <Filter Include="Game\Creature\Equipment\Native"><UniqueIdentifier>{2585AA61-BFD1-4D40-B06F-1F37CE6C5081}</UniqueIdentifier></Filter>
    <Filter Include="Game\Creature\Bindings"><UniqueIdentifier>{EFE8054A-33DF-48DB-9DAB-6A7384DF20AE}</UniqueIdentifier></Filter>
    <Filter Include="Game\Creature\Control"><UniqueIdentifier>{8BF8A1AB-C4BB-4798-9CB3-28B9CDD640F4}</UniqueIdentifier></Filter>
    <Filter Include="Game\Creature\Expression"><UniqueIdentifier>{E25C0B48-4F19-4AA4-AE84-FE2526A11473}</UniqueIdentifier></Filter>
    <Filter Include="Game\Creature\Expression\Native"><UniqueIdentifier>{7F224059-280B-4B3C-8F06-DA26C0DD074D}</UniqueIdentifier></Filter>
    <Filter Include="Game\Creature\Hooks"><UniqueIdentifier>{4C05AF3C-5ED3-4537-BDD1-F4707584A97B}</UniqueIdentifier></Filter>
    <Filter Include="Game\Creature\Look"><UniqueIdentifier>{DC17E2D3-BB6D-4B53-A42D-5FD8A60B40C5}</UniqueIdentifier></Filter>
    <Filter Include="Game\Creature\Look\Bindings"><UniqueIdentifier>{4C697A0B-622C-4E95-B51E-A6431548751D}</UniqueIdentifier></Filter>
    <Filter Include="Game\Creature\Look\Hooks"><UniqueIdentifier>{84620DE2-00B0-49C4-B259-1F35D3EE7CB6}</UniqueIdentifier></Filter>
    <Filter Include="Game\Creature\Look\Native"><UniqueIdentifier>{3A36BA06-04A5-4364-B904-FD66BC3C050F}</UniqueIdentifier></Filter>
    <Filter Include="Game\Creature\Locomotion"><UniqueIdentifier>{980FF357-17F6-4766-80F5-D5DCE10A6DD6}</UniqueIdentifier></Filter>
    <Filter Include="Game\Creature\Locomotion\Bindings"><UniqueIdentifier>{4B5632D6-364A-456B-BC12-189262B2DA15}</UniqueIdentifier></Filter>
    <Filter Include="Game\Creature\Locomotion\Hooks"><UniqueIdentifier>{94BD3CE0-1BE2-45D2-B110-46DBD3EC4EA1}</UniqueIdentifier></Filter>
    <Filter Include="Game\Creature\Locomotion\Native"><UniqueIdentifier>{C1E16800-F8C2-4137-89ED-D3BE66C0A9F4}</UniqueIdentifier></Filter>
    <Filter Include="Game\Creature\Native"><UniqueIdentifier>{BED999AF-3FFE-466C-BC11-2BEB53BB8389}</UniqueIdentifier></Filter>
    <Filter Include="Game\Entity"><UniqueIdentifier>{0790B3CF-1EF9-4D1D-BA95-5A9FB07D4D2A}</UniqueIdentifier></Filter>
    <Filter Include="Game\Entity\Bindings"><UniqueIdentifier>{3A090B13-FE2C-4D1F-AB44-F85EEDDDF97E}</UniqueIdentifier></Filter>
    <Filter Include="Game\Entity\Native"><UniqueIdentifier>{A7C9BDEF-1F25-47A4-8E6D-0C2A0D44DA34}</UniqueIdentifier></Filter>
    <Filter Include="Game\Entity\Presence"><UniqueIdentifier>{8DD13836-6E02-4E5E-846D-F6C0E115C7C3}</UniqueIdentifier></Filter>
    <Filter Include="Game\Entity\Presence\Hooks"><UniqueIdentifier>{F302ED08-FE14-4795-B1FD-75116205EA74}</UniqueIdentifier></Filter>
    <Filter Include="Game\Entity\Presence\Native"><UniqueIdentifier>{DD269737-5775-4C46-9EA0-E757D7B8BD27}</UniqueIdentifier></Filter>
    <Filter Include="Game\Entity\Persistence"><UniqueIdentifier>{2C1B435C-2D51-4F55-B5D2-86AD3D95B92B}</UniqueIdentifier></Filter>
    <Filter Include="Game\Entity\Persistence\Hooks"><UniqueIdentifier>{533CF25C-1C1E-4C17-A12F-CB6EAC159A98}</UniqueIdentifier></Filter>
    <Filter Include="Game\Entity\Persistence\Native"><UniqueIdentifier>{214A2F3C-1EC2-49A8-BC51-E2A090BE145B}</UniqueIdentifier></Filter>
    <Filter Include="Game\Entity\Persistence\Serialization"><UniqueIdentifier>{A6CB5F9A-ECFA-49D4-8A8D-6FD7F10D4FD3}</UniqueIdentifier></Filter>
    <Filter Include="Game\HeroPawn"><UniqueIdentifier>{D22F844A-F056-4D71-A78C-571064DC5292}</UniqueIdentifier></Filter>
    <Filter Include="Game\HeroPawn\Abilities"><UniqueIdentifier>{3F8D7E8B-42B2-47C7-94E4-5F91419B1CF0}</UniqueIdentifier></Filter>
    <Filter Include="Game\HeroPawn\Abilities\Hooks"><UniqueIdentifier>{C49EEA58-B2EB-4655-8754-994C9DBA7F9E}</UniqueIdentifier></Filter>
    <Filter Include="Game\HeroPawn\Abilities\Native"><UniqueIdentifier>{71FF56ED-3A9E-4789-9016-1581580377E0}</UniqueIdentifier></Filter>
    <Filter Include="Game\HeroPawn\Appearance"><UniqueIdentifier>{8C524DD2-31D4-42F0-90BB-AE2D00A22FF8}</UniqueIdentifier></Filter>
    <Filter Include="Game\HeroPawn\Appearance\Hooks"><UniqueIdentifier>{C9B84D9B-2FC5-4AA0-BBD8-545B20C11A75}</UniqueIdentifier></Filter>
    <Filter Include="Game\HeroPawn\Appearance\Native"><UniqueIdentifier>{3CD33B44-7FF3-450C-AD5A-FC6828A7C9A7}</UniqueIdentifier></Filter>
    <Filter Include="Game\HeroPawn\Appearance\Diagnostics"><UniqueIdentifier>{6102E4D8-43F0-4D4B-9B98-A39F2C7670A4}</UniqueIdentifier></Filter>
    <Filter Include="Game\HeroPawn\Remote"><UniqueIdentifier>{EABF6238-5FD2-4D3F-A3D2-CA896084F97B}</UniqueIdentifier></Filter>
    <Filter Include="Game\HeroPawn\Equipment"><UniqueIdentifier>{AF63074D-4A47-4CF7-A326-C2E00679CDF5}</UniqueIdentifier></Filter>
    <Filter Include="Game\HeroPawn\Combat"><UniqueIdentifier>{ACD4D87A-CE0A-4F8A-A351-4A04BA918CD9}</UniqueIdentifier></Filter>
    <Filter Include="Game\HeroPawn\Equipment\Hooks"><UniqueIdentifier>{B6C32430-2280-457F-979D-5F47649D9633}</UniqueIdentifier></Filter>
    <Filter Include="Game\HeroPawn\Equipment\Native"><UniqueIdentifier>{6C061920-6A0F-43BF-A989-49DDCB92054F}</UniqueIdentifier></Filter>
    <Filter Include="Game\HeroPawn\Equipment\Transitions"><UniqueIdentifier>{E96B97BD-EA7C-4D22-8D6E-D9AF57956A16}</UniqueIdentifier></Filter>
    <Filter Include="Game\HeroPawn\Bindings"><UniqueIdentifier>{BAB8EDBF-D019-4CF2-B47E-6080E739C987}</UniqueIdentifier></Filter>
    <Filter Include="Game\HeroPawn\TransformProbe"><UniqueIdentifier>{8B7B9EB7-C13B-4B66-B28B-F95A8A38B27B}</UniqueIdentifier></Filter>
    <Filter Include="Game\HeroPawn\TransformProbe\Hooks"><UniqueIdentifier>{2C9BEE88-A491-47EA-87F2-A6E99DF47587}</UniqueIdentifier></Filter>
    <Filter Include="Game\HeroPawn\TransformProbe\Native"><UniqueIdentifier>{BE28CB32-B55A-4EBB-8DC6-4DE8F6593B41}</UniqueIdentifier></Filter>
    <Filter Include="Game\HeroPawn\Travel"><UniqueIdentifier>{F907CF96-EC1A-41BC-9505-34135528F7ED}</UniqueIdentifier></Filter>
    <Filter Include="Game\HeroPawn\Travel\Hooks"><UniqueIdentifier>{2B08D153-447C-43F9-ADBC-316B322FDD78}</UniqueIdentifier></Filter>
    <Filter Include="Game\Math"><UniqueIdentifier>{B4C53DFB-E661-444D-9890-5ED31E6017C7}</UniqueIdentifier></Filter>
    <Filter Include="Game\Math\Bindings"><UniqueIdentifier>{011DAC29-96EA-42EA-8170-A86383FA22D4}</UniqueIdentifier></Filter>
    <Filter Include="Game\Native"><UniqueIdentifier>{E34F1CC3-EA47-469E-B56C-A7A7A91272BA}</UniqueIdentifier></Filter>
    <Filter Include="Game\Persistence"><UniqueIdentifier>{E9CA2B12-3FFD-417A-A66A-5356BDD6FD8D}</UniqueIdentifier></Filter>
    <Filter Include="Game\Persistence\Hooks"><UniqueIdentifier>{A4133243-E624-4ECA-9B9A-5271912AF781}</UniqueIdentifier></Filter>
    <Filter Include="Game\Persistence\Native"><UniqueIdentifier>{823D0C5D-6007-4DA8-8114-A437A3F605D7}</UniqueIdentifier></Filter>
    <Filter Include="Game\NPC"><UniqueIdentifier>{4AECC3C6-F4D7-4697-B783-FCC451C738F0}</UniqueIdentifier></Filter>
    <Filter Include="Game\NPC\Conversation"><UniqueIdentifier>{DC21A4DF-C607-48B2-80C9-E78C92C85384}</UniqueIdentifier></Filter>
    <Filter Include="Game\NPC\Conversation\Native"><UniqueIdentifier>{3D031C54-42BD-450F-854B-E26FA383D9D5}</UniqueIdentifier></Filter>
    <Filter Include="Game\NPC\Population"><UniqueIdentifier>{756B18CD-9187-43C5-B68F-974F3AB3A507}</UniqueIdentifier></Filter>
    <Filter Include="Game\NPC\Population\Hooks"><UniqueIdentifier>{13594EF9-BCB6-4BF7-8D97-BA9F32814839}</UniqueIdentifier></Filter>
    <Filter Include="Game\NPC\Population\Native"><UniqueIdentifier>{C82E4E72-3A05-46BD-AB5E-2D2056904708}</UniqueIdentifier></Filter>
    <Filter Include="Game\NPC\Simulation"><UniqueIdentifier>{F233D5D1-58C7-4695-8F7D-D18E84AD0B30}</UniqueIdentifier></Filter>
    <Filter Include="Game\NPC\Simulation\DummyVillager"><UniqueIdentifier>{D4C9064F-F15F-4B86-A50A-7815B43797CB}</UniqueIdentifier></Filter>
    <Filter Include="Game\NPC\Simulation\DummyVillager\Hooks"><UniqueIdentifier>{15ABFE05-0A83-41A7-9D39-AD2DB868970A}</UniqueIdentifier></Filter>
    <Filter Include="Game\NPC\Simulation\DummyVillager\Native"><UniqueIdentifier>{39BE2222-5A62-49C7-8845-1CC7E69C1FB0}</UniqueIdentifier></Filter>
    <Filter Include="Game\NPC\Village"><UniqueIdentifier>{8FEA8A90-98BD-46D4-9B3C-5F6B3A06BE58}</UniqueIdentifier></Filter>
    <Filter Include="Game\NPC\Village\Hooks"><UniqueIdentifier>{EB8B642C-2366-4B1E-B787-8DCB6F7DD707}</UniqueIdentifier></Filter>
    <Filter Include="Game\NPC\Village\Native"><UniqueIdentifier>{95538DD4-8703-4D71-BD94-B14B0E2D8F13}</UniqueIdentifier></Filter>
    <Filter Include="Game\NPC\Bindings"><UniqueIdentifier>{CB656AAE-689C-4C4D-A552-14E35F741EBA}</UniqueIdentifier></Filter>
    <Filter Include="Game\Player"><UniqueIdentifier>{C04CF84F-0446-4A04-B62F-8EE11BE9F891}</UniqueIdentifier></Filter>
    <Filter Include="Game\Player\Bindings"><UniqueIdentifier>{B2AA4185-72A9-4B25-A02B-0A786855457C}</UniqueIdentifier></Filter>
    <Filter Include="Game\Player\Input"><UniqueIdentifier>{89D49CC5-7B43-49F3-93C5-84B7D2F2B14E}</UniqueIdentifier></Filter>
    <Filter Include="Game\Player\Input\Hooks"><UniqueIdentifier>{CBDF97E1-B2A5-4070-9D36-A373B2F577A8}</UniqueIdentifier></Filter>
    <Filter Include="Game\Player\Input\Native"><UniqueIdentifier>{9B2E64D1-BAB5-4946-A88C-ACD315306DE3}</UniqueIdentifier></Filter>
    <Filter Include="Game\Quest"><UniqueIdentifier>{2678A786-DC42-4356-892D-D0A66CAC9F80}</UniqueIdentifier></Filter>
    <Filter Include="Game\Quest\Persistence"><UniqueIdentifier>{0A5CCF4E-FA17-4E4B-9C7C-7FBD78DB1A8D}</UniqueIdentifier></Filter>
    <Filter Include="Game\Quest\Bindings"><UniqueIdentifier>{9A9F19FD-AA60-4DA1-B37D-28724DD92C20}</UniqueIdentifier></Filter>
    <Filter Include="Game\World"><UniqueIdentifier>{BAD7D7A1-3C6B-4406-A2E8-262A7A2F9201}</UniqueIdentifier></Filter>
    <Filter Include="Game\World\Bindings"><UniqueIdentifier>{A5F01939-1564-4D0A-B4E3-970822F0CC3F}</UniqueIdentifier></Filter>
    <Filter Include="Game\World\Travel"><UniqueIdentifier>{4EB60CCB-2A78-4EC9-B281-48D47C24E0AF}</UniqueIdentifier></Filter>
    <Filter Include="Game\World\Travel\Hooks"><UniqueIdentifier>{D4F44017-298A-4DE4-85BF-D2E3A1185518}</UniqueIdentifier></Filter>
    <Filter Include="Game\World\Travel\Native"><UniqueIdentifier>{7D6D6CD0-47B4-4BD3-9F8A-6B5DDF3F324E}</UniqueIdentifier></Filter>
    <Filter Include="Multiplayer"><UniqueIdentifier>{387C1A15-DBB8-4074-B1F3-B3DFF7DE1262}</UniqueIdentifier></Filter>
    <Filter Include="Multiplayer\Authority"><UniqueIdentifier>{7806B9BA-3831-4556-9DBB-E92B7341E1AA}</UniqueIdentifier></Filter>
    <Filter Include="Multiplayer\Combat"><UniqueIdentifier>{2D27A5D1-A935-4A11-B78D-38E63B91C5C9}</UniqueIdentifier></Filter>
    <Filter Include="Multiplayer\Entities"><UniqueIdentifier>{6A830877-B9EE-4558-94C1-CBD15A9153DF}</UniqueIdentifier></Filter>
    <Filter Include="Multiplayer\Movement"><UniqueIdentifier>{09A1289E-74E5-4FB8-A076-D5657389E438}</UniqueIdentifier></Filter>
    <Filter Include="Multiplayer\Persistence"><UniqueIdentifier>{75F81F72-60E3-4B2E-A854-C4DBA3E65388}</UniqueIdentifier></Filter>
    <Filter Include="Multiplayer\Population"><UniqueIdentifier>{841A49A2-1755-4D8F-BE50-99BCB1D18F1A}</UniqueIdentifier></Filter>
    <Filter Include="Multiplayer\Presentation"><UniqueIdentifier>{826A40EE-E258-439F-9847-77DB0551066F}</UniqueIdentifier></Filter>
    <Filter Include="Game\Creature\Animation\Hooks"><UniqueIdentifier>{AE18DB76-7B17-4D23-B9F3-A01113F3920D}</UniqueIdentifier></Filter>
    <Filter Include="Multiplayer\Protocol"><UniqueIdentifier>{EE1B9D31-9A79-411D-98AC-7C5D87C94485}</UniqueIdentifier></Filter>
    <Filter Include="Multiplayer\Replication"><UniqueIdentifier>{52C445E8-5ED2-4E91-9176-82738B548E0B}</UniqueIdentifier></Filter>
    <Filter Include="Multiplayer\Runtime"><UniqueIdentifier>{8E904CD9-3BA9-4F66-B6C0-C4EA937ED75C}</UniqueIdentifier></Filter>
    <Filter Include="Multiplayer\Transport"><UniqueIdentifier>{A30DA308-14A4-4A66-80DA-92B0850965AB}</UniqueIdentifier></Filter>
    <Filter Include="Multiplayer\World"><UniqueIdentifier>{3E57A54A-1E21-4B2A-A3CB-9C4383A7C516}</UniqueIdentifier></Filter>
    <Filter Include="Scripting"><UniqueIdentifier>{E720A71B-C2C6-49B7-969B-EE81569A264A}</UniqueIdentifier></Filter>
    <Filter Include="Scripting\Bindings"><UniqueIdentifier>{E89698DE-E4D7-491D-AC94-20C2D86A8B87}</UniqueIdentifier></Filter>
    <Filter Include="Scripting\Bindings\Registry"><UniqueIdentifier>{2DC98A57-20B3-4115-9C95-88FB312A5239}</UniqueIdentifier></Filter>
    <Filter Include="Scripting\Runtime"><UniqueIdentifier>{152F5851-A746-482C-995C-729A18867816}</UniqueIdentifier></Filter>
    <Filter Include="Scripting\Runtime\Capabilities"><UniqueIdentifier>{517823FB-1304-4420-A185-57C494B55989}</UniqueIdentifier></Filter>
    <Filter Include="Scripting\Runtime\Events"><UniqueIdentifier>{49F3EC7A-64FF-42B3-BF8C-48A4E130ED60}</UniqueIdentifier></Filter>
    <Filter Include="Scripting\Runtime\Host"><UniqueIdentifier>{55D8A5EE-FD86-49FE-88A1-81FE8F1977FD}</UniqueIdentifier></Filter>
    <Filter Include="Scripting\Runtime\Scheduling"><UniqueIdentifier>{BCE52DBF-D9B4-447B-BE99-7D3D0BAC61C3}</UniqueIdentifier></Filter>
    <Filter Include="Scripting\Runtime\Storage"><UniqueIdentifier>{97A1E88D-07A8-4519-ABF1-FB5A1587A686}</UniqueIdentifier></Filter>
    <Filter Include="Scripts"><UniqueIdentifier>{03DE871B-1591-4F3B-AD0A-47884E2F7A04}</UniqueIdentifier></Filter>
    <Filter Include="Scripts\Debug"><UniqueIdentifier>{01DFC163-0256-414E-91BA-DA9942196F79}</UniqueIdentifier></Filter>
    <Filter Include="UI"><UniqueIdentifier>{C33867C4-4CF9-41F5-B1D3-88883F426DE2}</UniqueIdentifier></Filter>
    <Filter Include="UI\FrontEnd"><UniqueIdentifier>{BC00D487-A1D6-4E14-B4C8-733427C5A121}</UniqueIdentifier></Filter>
    <Filter Include="UI\FrontEnd\Hooks"><UniqueIdentifier>{C60DB0F7-A0AE-49A7-A741-0102A1A18874}</UniqueIdentifier></Filter>
    <Filter Include="UI\FrontEnd\Native"><UniqueIdentifier>{90D7998B-6795-4D07-AEF7-8790E0877F40}</UniqueIdentifier></Filter>
    <Filter Include="UI\Hud"><UniqueIdentifier>{FAA8D291-83AD-48CA-B222-CA89045086AE}</UniqueIdentifier></Filter>
    <Filter Include="UI\Hud\Bindings"><UniqueIdentifier>{C8F740E1-02D9-4567-871A-8325DA614FED}</UniqueIdentifier></Filter>
    <Filter Include="UI\MainWindow"><UniqueIdentifier>{5B994E2F-6F57-4798-9BF3-64431D499A3E}</UniqueIdentifier></Filter>
    <Filter Include="UI\Runtime"><UniqueIdentifier>{4E13EE90-1D68-469C-8F52-66F64DDC8D0B}</UniqueIdentifier></Filter>
  </ItemGroup>
  <ItemGroup>
    <ClCompile Include="DeveloperTools\DeveloperToolTypes.cpp"><Filter>DeveloperTools</Filter></ClCompile>
    <ClCompile Include="DeveloperTools\DeveloperCommandQueue.cpp"><Filter>DeveloperTools</Filter></ClCompile>
    <ClCompile Include="DeveloperTools\DeveloperToolBackend.cpp"><Filter>DeveloperTools</Filter></ClCompile>
    <ClCompile Include="DeveloperTools\Game\GameDeveloperToolAdapter.cpp"><Filter>DeveloperTools\Game</Filter></ClCompile>
    <ClCompile Include="DeveloperTools\Game\MultiplayerSaveSectionStatusProvider.cpp"><Filter>DeveloperTools\Game</Filter></ClCompile>
    <ClCompile Include="DeveloperTools\Scripting\DeveloperToolBindings.cpp"><Filter>DeveloperTools\Scripting</Filter></ClCompile>
    <ClCompile Include="DeveloperTools\Runtime\DeveloperToolsRuntime.cpp"><Filter>DeveloperTools\Runtime</Filter></ClCompile>
    <ClCompile Include="UI\ImGui\Bindings\ImGuiBindings.cpp"><Filter>UI\ImGui\Bindings</Filter></ClCompile>
    <ClCompile Include="UI\ImGui\Runtime\ImGuiDx9Runtime.cpp"><Filter>UI\ImGui\Runtime</Filter></ClCompile>
    <ClCompile Include="Automation\Multiplayer\Abilities\HeroWillAbilityAcceptanceDriver.cpp"><Filter>Automation\Multiplayer\Abilities</Filter></ClCompile>
    <ClCompile Include="Multiplayer\Authority\AuthorityReplication.cpp"><Filter>Multiplayer\Authority</Filter></ClCompile>
    <ClCompile Include="Multiplayer\Authority\ActionAuthorityCoordinator.cpp"><Filter>Multiplayer\Authority</Filter></ClCompile>
    <ClCompile Include="Multiplayer\Authority\EntitySimulationAuthority.cpp"><Filter>Multiplayer\Authority</Filter></ClCompile>
    <ClCompile Include="Multiplayer\Authority\MapAuthorityCoordinator.cpp"><Filter>Multiplayer\Authority</Filter></ClCompile>
    <ClCompile Include="Automation\AppearanceCycle\AppearanceCycleScenario.cpp"><Filter>Automation\AppearanceCycle</Filter></ClCompile>
    <ClCompile Include="Automation\CharacterSnapshot\ServerCharacterSnapshot.cpp"><Filter>Automation\CharacterSnapshot</Filter></ClCompile>
    <ClCompile Include="Automation\FixtureDocuments\Hooks\DocumentsFolderRedirectHook.cpp"><Filter>Automation\FixtureDocuments\Hooks</Filter></ClCompile>
    <ClCompile Include="Automation\FixtureDocuments\Native\DocumentsFolderImport.cpp"><Filter>Automation\FixtureDocuments\Native</Filter></ClCompile>
    <ClCompile Include="Automation\LocalInstance\Hooks\ForegroundWindowHook.cpp"><Filter>Automation\LocalInstance\Hooks</Filter></ClCompile>
    <ClCompile Include="Automation\LocalInstance\MapTransitionAcceptanceDriver.cpp"><Filter>Automation\LocalInstance</Filter></ClCompile>
    <ClCompile Include="Automation\LocalInstance\Hooks\UnrealSingletonHook.cpp"><Filter>Automation\LocalInstance\Hooks</Filter></ClCompile>
    <ClCompile Include="Automation\LocalInstance\Native\ForegroundWindowImport.cpp"><Filter>Automation\LocalInstance\Native</Filter></ClCompile>
    <ClCompile Include="Automation\LocalInstance\Native\UnrealSingletonImport.cpp"><Filter>Automation\LocalInstance\Native</Filter></ClCompile>
    <ClCompile Include="Automation\Multiplayer\Combat\CombatTargetAcceptanceDriver.cpp"><Filter>Automation\Multiplayer\Combat</Filter></ClCompile>
    <ClCompile Include="Automation\Multiplayer\Combat\CombatVisualExchangeDriver.cpp"><Filter>Automation\Multiplayer\Combat</Filter></ClCompile>
    <ClCompile Include="Automation\Multiplayer\Persistence\SaveAcceptanceDriver.cpp"><Filter>Automation\Multiplayer\Persistence</Filter></ClCompile>
    <ClCompile Include="Automation\Multiplayer\Transition\NpcTransferAcceptanceDriver.cpp"><Filter>Automation\Multiplayer\Transition</Filter></ClCompile>
    <ClCompile Include="Automation\Multiplayer\Transition\MapStressAcceptanceDriver.cpp"><Filter>Automation\Multiplayer\Transition</Filter></ClCompile>
    <ClCompile Include="Automation\Multiplayer\Transition\OwnerScopedPresentationAcceptanceDriver.cpp"><Filter>Automation\Multiplayer\Transition</Filter></ClCompile>
    <ClCompile Include="Automation\Runtime\RuntimeConfiguration.cpp"><Filter>Automation\Runtime</Filter></ClCompile>
    <ClCompile Include="Core\Capabilities\CapabilityRegistry.cpp"><Filter>Core\Capabilities</Filter></ClCompile>
    <ClCompile Include="Core\Diagnostics\DiagnosticLog.cpp"><Filter>Core\Diagnostics</Filter></ClCompile>
    <ClCompile Include="Core\Hooking\CodePatch.cpp"><Filter>Core\Hooking</Filter></ClCompile>
    <ClCompile Include="Core\GameThread\Hooks\GameThreadIdleHook.cpp"><Filter>Core\GameThread\Hooks</Filter></ClCompile>
    <ClCompile Include="Core\GameThread\Hooks\SimulationFrameHook.cpp"><Filter>Core\GameThread\Hooks</Filter></ClCompile>
    <ClCompile Include="Core\Bootstrap\SimulationFrameFeature.cpp"><Filter>Core\Bootstrap</Filter></ClCompile>
    <ClCompile Include="Core\GameThread\Native\PeekMessageImport.cpp"><Filter>Core\GameThread\Native</Filter></ClCompile>
    <ClCompile Include="Game\Creature\CreatureService.cpp"><Filter>Game\Creature</Filter></ClCompile>
    <ClCompile Include="Game\Creature\AI\Hooks\AiBrainUpdateObserver.cpp"><Filter>Game\Creature\AI\Hooks</Filter></ClCompile>
    <ClCompile Include="Game\Creature\AI\Native\AiBrainFunctions.cpp"><Filter>Game\Creature\AI\Native</Filter></ClCompile>
    <ClCompile Include="Game\Creature\Actions\Hooks\CreatureActionLifecycleObserver.cpp"><Filter>Game\Creature\Actions\Hooks</Filter></ClCompile>
    <ClCompile Include="Game\Creature\Actions\Native\CreatureActionFunctions.cpp"><Filter>Game\Creature\Actions\Native</Filter></ClCompile>
    <ClCompile Include="Game\Creature\Animation\CreatureAnimationService.cpp"><Filter>Game\Creature\Animation</Filter></ClCompile>
    <ClCompile Include="Game\Creature\Animation\Native\AnimationPlaybackFunctions.cpp"><Filter>Game\Creature\Animation\Native</Filter></ClCompile>
    <ClCompile Include="Game\Creature\Animation\Hooks\CreatureActionAnimationSelectionHook.cpp"><Filter>Game\Creature\Animation\Hooks</Filter></ClCompile>
    <ClCompile Include="Game\Creature\Combat\Bindings\CreatureCombatBindings.cpp"><Filter>Game\Creature\Combat\Bindings</Filter></ClCompile>
    <ClCompile Include="Game\Creature\Combat\CreatureCombatService.cpp"><Filter>Game\Creature\Combat</Filter></ClCompile>
    <ClCompile Include="Game\Creature\Equipment\Native\CreatureWeaponFunctions.cpp"><Filter>Game\Creature\Equipment\Native</Filter></ClCompile>
    <ClCompile Include="Game\Creature\Equipment\Native\CreatureWeaponCache.cpp"><Filter>Game\Creature\Equipment\Native</Filter></ClCompile>
    <ClCompile Include="Game\Creature\Equipment\Hooks\CreatureCarryingMutationObserver.cpp"><Filter>Game\Creature\Equipment\Hooks</Filter></ClCompile>
    <ClCompile Include="Game\Creature\Combat\Hooks\CombatHealthMutationHook.cpp"><Filter>Game\Creature\Combat\Hooks</Filter></ClCompile>
    <ClCompile Include="Game\Creature\Combat\CreatureHitResolutionHook.cpp"><Filter>Game\Creature\Combat\Hooks</Filter></ClCompile>
    <ClCompile Include="Game\Creature\Combat\Hooks\PlayerAttackAbilityHook.cpp"><Filter>Game\Creature\Combat\Hooks</Filter></ClCompile>
    <ClCompile Include="Game\Creature\Combat\Native\CombatHealthMutationFunction.cpp"><Filter>Game\Creature\Combat\Native</Filter></ClCompile>
    <ClCompile Include="Game\Creature\Combat\Native\CreatureHitResolutionFunction.cpp"><Filter>Game\Creature\Combat\Native</Filter></ClCompile>
    <ClCompile Include="Game\Creature\Combat\Native\CreatureHitReactionFunctions.cpp"><Filter>Game\Creature\Combat\Native</Filter></ClCompile>
    <ClCompile Include="Game\Creature\Combat\Native\CreatureDeathFunctions.cpp"><Filter>Game\Creature\Combat\Native</Filter></ClCompile>
    <ClCompile Include="Game\Creature\Combat\Native\CreatureCombatFunctions.cpp"><Filter>Game\Creature\Combat\Native</Filter></ClCompile>
    <ClCompile Include="Game\Creature\Combat\Native\CreatureAbilitySubmissionFunction.cpp"><Filter>Game\Creature\Combat\Native</Filter></ClCompile>
    <ClCompile Include="Game\Creature\Combat\Native\AiTargetingComponent.cpp"><Filter>Game\Creature\Combat\Native</Filter></ClCompile>
    <ClCompile Include="Game\Creature\Combat\Native\HeroTargetingComponent.cpp"><Filter>Game\Creature\Combat\Native</Filter></ClCompile>
    <ClCompile Include="Game\Creature\Companion\Native\CompanionFunctions.cpp"><Filter>Game\Creature\Companion\Native</Filter></ClCompile>
    <ClCompile Include="Game\Creature\Bindings\CreatureBindings.cpp"><Filter>Game\Creature\Bindings</Filter></ClCompile>
    <ClCompile Include="Game\Creature\Bindings\CreatureServiceBindings.cpp"><Filter>Game\Creature\Bindings</Filter></ClCompile>
    <ClCompile Include="Game\Creature\Control\ScriptControl.cpp"><Filter>Game\Creature\Control</Filter></ClCompile>
    <ClCompile Include="Game\Creature\Expression\Native\CreatureExpressionActionInspector.cpp"><Filter>Game\Creature\Expression\Native</Filter></ClCompile>
    <ClCompile Include="Game\Creature\Expression\Native\CreatureExpressionActionFunctions.cpp"><Filter>Game\Creature\Expression\Native</Filter></ClCompile>
    <ClCompile Include="Game\Creature\Hooks\CreatureConstructorHook.cpp"><Filter>Game\Creature\Hooks</Filter></ClCompile>
    <ClCompile Include="Game\Creature\Look\Bindings\CreatureLookBindings.cpp"><Filter>Game\Creature\Look\Bindings</Filter></ClCompile>
    <ClCompile Include="Game\Creature\Look\CreatureLookService.cpp"><Filter>Game\Creature\Look</Filter></ClCompile>
    <ClCompile Include="Game\Creature\Look\Hooks\CreatureFacingInputRouterHook.cpp"><Filter>Game\Creature\Look\Hooks</Filter></ClCompile>
    <ClCompile Include="Game\Creature\Look\Native\CreatureLookFunctions.cpp"><Filter>Game\Creature\Look\Native</Filter></ClCompile>
    <ClCompile Include="Game\Creature\Locomotion\Bindings\CreatureLocomotionBindings.cpp"><Filter>Game\Creature\Locomotion\Bindings</Filter></ClCompile>
    <ClCompile Include="Game\Creature\Locomotion\CreatureLocomotionService.cpp"><Filter>Game\Creature\Locomotion</Filter></ClCompile>
    <ClCompile Include="Game\Creature\Locomotion\CreatureLocomotionState.cpp"><Filter>Game\Creature\Locomotion</Filter></ClCompile>
    <ClCompile Include="Game\Creature\Locomotion\Hooks\CreatureModeManagerObserver.cpp"><Filter>Game\Creature\Locomotion\Hooks</Filter></ClCompile>
    <ClCompile Include="Game\Creature\Locomotion\Hooks\CreatureFrameInputRouterHook.cpp"><Filter>Game\Creature\Locomotion\Hooks</Filter></ClCompile>
    <ClCompile Include="Game\Creature\Locomotion\Hooks\FollowCreatureActionHook.cpp"><Filter>Game\Creature\Locomotion\Hooks</Filter></ClCompile>
    <ClCompile Include="Game\Creature\Locomotion\Hooks\PhysicsMovementInputHook.cpp"><Filter>Game\Creature\Locomotion\Hooks</Filter></ClCompile>
    <ClCompile Include="Game\Creature\Locomotion\Hooks\PhysicsNavigatorObserver.cpp"><Filter>Game\Creature\Locomotion\Hooks</Filter></ClCompile>
    <ClCompile Include="Game\Creature\Locomotion\Native\CreatureModeManagerFunctions.cpp"><Filter>Game\Creature\Locomotion\Native</Filter></ClCompile>
    <ClCompile Include="Game\Creature\Locomotion\Native\FollowCreatureActionFunctions.cpp"><Filter>Game\Creature\Locomotion\Native</Filter></ClCompile>
    <ClCompile Include="Game\Creature\Locomotion\Native\LocomotionComponents.cpp"><Filter>Game\Creature\Locomotion\Native</Filter></ClCompile>
    <ClCompile Include="Game\Creature\Locomotion\Native\PhysicsMovementFunctions.cpp"><Filter>Game\Creature\Locomotion\Native</Filter></ClCompile>
    <ClCompile Include="Game\Creature\Locomotion\Native\PhysicsNavigatorFunctions.cpp"><Filter>Game\Creature\Locomotion\Native</Filter></ClCompile>
    <ClCompile Include="Game\Creature\Native\CreatureConstructorFunction.cpp"><Filter>Game\Creature\Native</Filter></ClCompile>
    <ClCompile Include="Game\Creature\Native\CreatureFrameFunctions.cpp"><Filter>Game\Creature\Native</Filter></ClCompile>
    <ClCompile Include="Game\Entity\Entity.cpp"><Filter>Game\Entity</Filter></ClCompile>
    <ClCompile Include="Game\Entity\EntityService.cpp"><Filter>Game\Entity</Filter></ClCompile>
    <ClCompile Include="Game\Entity\Bindings\EntityBindings.cpp"><Filter>Game\Entity\Bindings</Filter></ClCompile>
    <ClCompile Include="Game\Entity\Native\ThingComponentAccess.cpp"><Filter>Game\Entity\Native</Filter></ClCompile>
    <ClCompile Include="Game\Entity\Native\ThingComponentProvisioner.cpp"><Filter>Game\Entity\Native</Filter></ClCompile>
    <ClCompile Include="Game\Entity\Native\ScriptedUseActionFunctions.cpp"><Filter>Game\Entity\Native</Filter></ClCompile>
    <ClCompile Include="Game\Entity\Presence\Hooks\ThingPresenceObserver.cpp"><Filter>Game\Entity\Presence\Hooks</Filter></ClCompile>
    <ClCompile Include="Game\Entity\Presence\Native\MapwhoFunctions.cpp"><Filter>Game\Entity\Presence\Native</Filter></ClCompile>
    <ClCompile Include="Game\Entity\Presence\TransientEntityCreationScope.cpp"><Filter>Game\Entity\Presence</Filter></ClCompile>
    <ClCompile Include="Game\Entity\Persistence\Hooks\SavedEntityMapBlobObserver.cpp"><Filter>Game\Entity\Persistence\Hooks</Filter></ClCompile>
    <ClCompile Include="Game\Entity\Persistence\Hooks\ThingSaveProjectionHook.cpp"><Filter>Game\Entity\Persistence\Hooks</Filter></ClCompile>
    <ClCompile Include="Game\Entity\Persistence\Native\SavedEntityMapRecordInstaller.cpp"><Filter>Game\Entity\Persistence\Native</Filter></ClCompile>
    <ClCompile Include="Game\Entity\Persistence\Native\SavedEntityCompression.cpp"><Filter>Game\Entity\Persistence\Native</Filter></ClCompile>
    <ClCompile Include="Game\Entity\Persistence\Native\SavedEntitiesFunctions.cpp"><Filter>Game\Entity\Persistence\Native</Filter></ClCompile>
    <ClCompile Include="Game\Entity\Persistence\Native\ThingSaveFunctions.cpp"><Filter>Game\Entity\Persistence\Native</Filter></ClCompile>
    <ClCompile Include="Game\Entity\Persistence\Serialization\HeroSavedEntityRecord.cpp"><Filter>Game\Entity\Persistence\Serialization</Filter></ClCompile>
    <ClCompile Include="Game\Entity\Persistence\Serialization\SavedEntityCell.cpp"><Filter>Game\Entity\Persistence\Serialization</Filter></ClCompile>
    <ClCompile Include="Game\HeroPawn\HeroPawnService.cpp"><Filter>Game\HeroPawn</Filter></ClCompile>
    <ClCompile Include="Game\HeroPawn\Travel\Hooks\GuildTeleportSafetyHook.cpp"><Filter>Game\HeroPawn\Travel\Hooks</Filter></ClCompile>
    <ClCompile Include="Game\HeroPawn\Travel\Hooks\MapTransitionUiActionSafetyHook.cpp"><Filter>Game\HeroPawn\Travel\Hooks</Filter></ClCompile>
    <ClCompile Include="Game\HeroPawn\Abilities\HeroWillAbilityService.cpp"><Filter>Game\HeroPawn\Abilities</Filter></ClCompile>
    <ClCompile Include="Game\HeroPawn\Abilities\Hooks\AssassinRushPresentationHook.cpp"><Filter>Game\HeroPawn\Abilities\Hooks</Filter></ClCompile>
    <ClCompile Include="Game\HeroPawn\Abilities\Hooks\HeroWillAbilityHook.cpp"><Filter>Game\HeroPawn\Abilities\Hooks</Filter></ClCompile>
    <ClCompile Include="Game\HeroPawn\Abilities\Hooks\PillarAbilityLifecycleHook.cpp"><Filter>Game\HeroPawn\Abilities\Hooks</Filter></ClCompile>
    <ClCompile Include="Game\HeroPawn\Abilities\Native\HeroWillAbilityFunctions.cpp"><Filter>Game\HeroPawn\Abilities\Native</Filter></ClCompile>
    <ClCompile Include="Game\HeroPawn\Abilities\Native\HeroWillComponentProvisioner.cpp"><Filter>Game\HeroPawn\Abilities\Native</Filter></ClCompile>
    <ClCompile Include="Game\HeroPawn\Abilities\RemoteHeroAbilityController.cpp"><Filter>Game\HeroPawn\Abilities</Filter></ClCompile>
    <ClCompile Include="Game\HeroPawn\Expression\RemoteHeroExpressionController.cpp"><Filter>Game\HeroPawn\Expression</Filter></ClCompile>
    <ClCompile Include="Game\HeroPawn\Appearance\Hooks\RemoteHeroPresentationFactoryHook.cpp"><Filter>Game\HeroPawn\Appearance\Hooks</Filter></ClCompile>
    <ClCompile Include="Game\HeroPawn\Appearance\Hooks\RemoteHeroDefinitionHook.cpp"><Filter>Game\HeroPawn\Appearance\Hooks</Filter></ClCompile>
    <ClCompile Include="Game\HeroPawn\Appearance\Hooks\HeroAppearanceMutationObserver.cpp"><Filter>Game\HeroPawn\Appearance\Hooks</Filter></ClCompile>
    <ClCompile Include="Game\HeroPawn\Appearance\Diagnostics\HeroPresentationDiagnostics.cpp"><Filter>Game\HeroPawn\Appearance\Diagnostics</Filter></ClCompile>
    <ClCompile Include="Game\HeroPawn\Appearance\Native\HeroAttachableAppearanceComponent.cpp"><Filter>Game\HeroPawn\Appearance\Native</Filter></ClCompile>
    <ClCompile Include="Game\HeroPawn\Appearance\Native\HeroClothingComponent.cpp"><Filter>Game\HeroPawn\Appearance\Native</Filter></ClCompile>
    <ClCompile Include="Game\HeroPawn\Appearance\Native\HeroMorphComponent.cpp"><Filter>Game\HeroPawn\Appearance\Native</Filter></ClCompile>
    <ClCompile Include="Game\HeroPawn\Appearance\Native\RemoteHeroRuntimeDefinition.cpp"><Filter>Game\HeroPawn\Appearance\Native</Filter></ClCompile>
    <ClCompile Include="Game\HeroPawn\Appearance\RemoteHeroAppearanceController.cpp"><Filter>Game\HeroPawn\Appearance</Filter></ClCompile>
    <ClCompile Include="Game\HeroPawn\Combat\RemoteHeroCombatController.cpp"><Filter>Game\HeroPawn\Combat</Filter></ClCompile>
    <ClCompile Include="Game\HeroPawn\Combat\RemoteHeroRangedAimController.cpp"><Filter>Game\HeroPawn\Combat</Filter></ClCompile>
    <ClCompile Include="Game\HeroPawn\Equipment\Hooks\HeroEquipmentMutationObserver.cpp"><Filter>Game\HeroPawn\Equipment\Hooks</Filter></ClCompile>
    <ClCompile Include="Game\HeroPawn\Equipment\Hooks\RemoteRangedWeaponOrientationHook.cpp"><Filter>Game\HeroPawn\Equipment\Hooks</Filter></ClCompile>
    <ClCompile Include="Game\HeroPawn\Equipment\Native\HeroWeaponComponent.cpp"><Filter>Game\HeroPawn\Equipment\Native</Filter></ClCompile>
    <ClCompile Include="Game\HeroPawn\Equipment\Native\HeroWeaponComponentProvisioner.cpp"><Filter>Game\HeroPawn\Equipment\Native</Filter></ClCompile>
    <ClCompile Include="Game\HeroPawn\Equipment\RemoteHeroEquipmentController.cpp"><Filter>Game\HeroPawn\Equipment</Filter></ClCompile>
    <ClCompile Include="Game\HeroPawn\Equipment\Transitions\RemoteHeroWeaponTransitionController.cpp"><Filter>Game\HeroPawn\Equipment\Transitions</Filter></ClCompile>
    <ClCompile Include="Game\HeroPawn\Bindings\HeroPawnBindings.cpp"><Filter>Game\HeroPawn\Bindings</Filter></ClCompile>
    <ClCompile Include="Game\HeroPawn\TransformProbe\Hooks\HeroTransformCompatibilityHooks.cpp"><Filter>Game\HeroPawn\TransformProbe\Hooks</Filter></ClCompile>
    <ClCompile Include="Game\HeroPawn\TransformProbe\Native\HeroTransformCompatibilityFunctions.cpp"><Filter>Game\HeroPawn\TransformProbe\Native</Filter></ClCompile>
    <ClCompile Include="Game\Math\Bindings\MathBindings.cpp"><Filter>Game\Math\Bindings</Filter></ClCompile>
    <ClCompile Include="Game\Native\GameInterface.cpp"><Filter>Game\Native</Filter></ClCompile>
    <ClCompile Include="Game\NPC\NpcService.cpp"><Filter>Game\NPC</Filter></ClCompile>
    <ClCompile Include="Game\NPC\Conversation\Native\ConversationCameraFunctions.cpp"><Filter>Game\NPC\Conversation\Native</Filter></ClCompile>
    <ClCompile Include="Game\NPC\Population\Hooks\PopulationSimulationHook.cpp"><Filter>Game\NPC\Population\Hooks</Filter></ClCompile>
    <ClCompile Include="Game\NPC\Population\Native\PopulationSimulationFunctions.cpp"><Filter>Game\NPC\Population\Native</Filter></ClCompile>
    <ClCompile Include="Game\NPC\Simulation\DummyVillager\DummyVillagerService.cpp"><Filter>Game\NPC\Simulation\DummyVillager</Filter></ClCompile>
    <ClCompile Include="Game\NPC\Simulation\DummyVillager\Hooks\DummyVillagerMutationHook.cpp"><Filter>Game\NPC\Simulation\DummyVillager\Hooks</Filter></ClCompile>
    <ClCompile Include="Game\NPC\Simulation\DummyVillager\Native\DummyVillagerFunctions.cpp"><Filter>Game\NPC\Simulation\DummyVillager\Native</Filter></ClCompile>
    <ClCompile Include="Game\NPC\Village\Hooks\VillageMembershipMutationHook.cpp"><Filter>Game\NPC\Village\Hooks</Filter></ClCompile>
    <ClCompile Include="Game\NPC\Village\Native\VillageMembershipFunctions.cpp"><Filter>Game\NPC\Village\Native</Filter></ClCompile>
    <ClCompile Include="Game\NPC\Village\VillageMembershipService.cpp"><Filter>Game\NPC\Village</Filter></ClCompile>
    <ClCompile Include="Game\NPC\Bindings\NpcBindings.cpp"><Filter>Game\NPC\Bindings</Filter></ClCompile>
    <ClCompile Include="Game\Player\PlayerService.cpp"><Filter>Game\Player</Filter></ClCompile>
    <ClCompile Include="Game\Player\Bindings\PlayerBindings.cpp"><Filter>Game\Player\Bindings</Filter></ClCompile>
    <ClCompile Include="Game\Player\Input\PlayerInputService.cpp"><Filter>Game\Player\Input</Filter></ClCompile>
    <ClCompile Include="Game\Player\Input\Hooks\PlayerCommandPollObserver.cpp"><Filter>Game\Player\Input\Hooks</Filter></ClCompile>
    <ClCompile Include="Game\Player\Input\Native\PlayerCommandPollFunction.cpp"><Filter>Game\Player\Input\Native</Filter></ClCompile>
    <ClCompile Include="Game\Quest\QuestService.cpp"><Filter>Game\Quest</Filter></ClCompile>
    <ClCompile Include="Game\Persistence\Hooks\GameStateSectionLoadHook.cpp"><Filter>Game\Persistence\Hooks</Filter></ClCompile>
    <ClCompile Include="Game\Persistence\Hooks\WorldSectionPersistenceHook.cpp"><Filter>Game\Persistence\Hooks</Filter></ClCompile>
    <ClCompile Include="Game\Persistence\Native\AutoSaveFunction.cpp"><Filter>Game\Persistence\Native</Filter></ClCompile>
    <ClCompile Include="Game\Quest\Bindings\QuestBindings.cpp"><Filter>Game\Quest\Bindings</Filter></ClCompile>
    <ClCompile Include="Game\World\WorldService.cpp"><Filter>Game\World</Filter></ClCompile>
    <ClCompile Include="Game\World\Travel\Hooks\WorldTravelObserver.cpp"><Filter>Game\World\Travel\Hooks</Filter></ClCompile>
    <ClCompile Include="Game\World\Travel\Native\WorldTravelFunctions.cpp"><Filter>Game\World\Travel\Native</Filter></ClCompile>
    <ClCompile Include="Game\World\Travel\Native\RegionExitFunctions.cpp"><Filter>Game\World\Travel\Native</Filter></ClCompile>
    <ClCompile Include="Multiplayer\Entities\EntityPresenceReplication.cpp"><Filter>Multiplayer\Entities</Filter></ClCompile>
    <ClCompile Include="Multiplayer\Entities\EntityLifecycleReplication.cpp"><Filter>Multiplayer\Entities</Filter></ClCompile>
    <ClCompile Include="Multiplayer\Entities\EntityMaterializationService.cpp"><Filter>Multiplayer\Entities</Filter></ClCompile>
    <ClCompile Include="Multiplayer\Entities\EntityNetworkIdentityRegistry.cpp"><Filter>Multiplayer\Entities</Filter></ClCompile>
    <ClCompile Include="Multiplayer\Entities\LiveEntityRegistry.cpp"><Filter>Multiplayer\Entities</Filter></ClCompile>
    <ClCompile Include="Multiplayer\Entities\WorldEntityDirectory.cpp"><Filter>Multiplayer\Entities</Filter></ClCompile>
    <ClCompile Include="Multiplayer\Movement\ReplicatedActorMovement.cpp"><Filter>Multiplayer\Movement</Filter></ClCompile>
    <ClCompile Include="Multiplayer\Movement\EntityMovementReplication.cpp"><Filter>Multiplayer\Movement</Filter></ClCompile>
    <ClCompile Include="Multiplayer\Persistence\HostWorldStateProjection.cpp"><Filter>Multiplayer\Persistence</Filter></ClCompile>
    <ClCompile Include="Multiplayer\Persistence\QuestStateAuthorityService.cpp"><Filter>Multiplayer\Persistence</Filter></ClCompile>
    <ClCompile Include="Multiplayer\Persistence\WorldSectionAuthorityService.cpp"><Filter>Multiplayer\Persistence</Filter></ClCompile>
    <ClCompile Include="Multiplayer\Persistence\WorldSectionSnapshotTransfer.cpp"><Filter>Multiplayer\Persistence</Filter></ClCompile>
    <ClCompile Include="Game\Quest\Persistence\QuestStateNativeCaptureHook.cpp"><Filter>Game\Quest\Persistence</Filter></ClCompile>
    <ClCompile Include="Multiplayer\Persistence\SavedEntityMapBaselineService.cpp"><Filter>Multiplayer\Persistence</Filter></ClCompile>
    <ClCompile Include="Multiplayer\Persistence\GuestHeroSaveBoundary.cpp"><Filter>Multiplayer\Persistence</Filter></ClCompile>
    <ClCompile Include="Multiplayer\Persistence\SavedEntityCollectionBaselineTransfer.cpp"><Filter>Multiplayer\Persistence</Filter></ClCompile>
    <ClCompile Include="Multiplayer\Persistence\SavedEntityConstructionGate.cpp"><Filter>Multiplayer\Persistence</Filter></ClCompile>
    <ClCompile Include="Multiplayer\Persistence\SavedEntityMapBlobDirectory.cpp"><Filter>Multiplayer\Persistence</Filter></ClCompile>
    <ClCompile Include="Multiplayer\Population\PopulationSimulationAuthority.cpp"><Filter>Multiplayer\Population</Filter></ClCompile>
    <ClCompile Include="Multiplayer\Combat\PlayerCombatantDirectory.cpp"><Filter>Multiplayer\Combat</Filter></ClCompile>
    <ClCompile Include="Multiplayer\Combat\CombatActionLedger.cpp"><Filter>Multiplayer\Combat</Filter></ClCompile>
    <ClCompile Include="Multiplayer\Combat\CombatHitApplicator.cpp"><Filter>Multiplayer\Combat</Filter></ClCompile>
    <ClCompile Include="Multiplayer\Combat\CombatHitCandidateBuilder.cpp"><Filter>Multiplayer\Combat</Filter></ClCompile>
    <ClCompile Include="Multiplayer\Combat\PlayerDeathCoordinator.cpp"><Filter>Multiplayer\Combat</Filter></ClCompile>
    <ClCompile Include="Multiplayer\Protocol\AuthorityMessage.cpp"><Filter>Multiplayer\Protocol</Filter></ClCompile>
    <ClCompile Include="Multiplayer\Protocol\EntityActionMessage.cpp"><Filter>Multiplayer\Protocol</Filter></ClCompile>
    <ClCompile Include="Multiplayer\Protocol\PlayerActionMessage.cpp"><Filter>Multiplayer\Protocol</Filter></ClCompile>
    <ClCompile Include="Multiplayer\Protocol\PlayerActorStateCodec.cpp"><Filter>Multiplayer\Protocol</Filter></ClCompile>
    <ClCompile Include="Multiplayer\Protocol\EntityLifecycleMessage.cpp"><Filter>Multiplayer\Protocol</Filter></ClCompile>
    <ClCompile Include="Multiplayer\Protocol\EntityMovementMessage.cpp"><Filter>Multiplayer\Protocol</Filter></ClCompile>
    <ClCompile Include="Multiplayer\Protocol\EntityVitalsMessageCodec.cpp"><Filter>Multiplayer\Protocol</Filter></ClCompile>
    <ClCompile Include="Multiplayer\Protocol\EntityLowSimulationMessageCodec.cpp"><Filter>Multiplayer\Protocol</Filter></ClCompile>
    <ClCompile Include="Multiplayer\Protocol\PacketEnvelope.cpp"><Filter>Multiplayer\Protocol</Filter></ClCompile>
    <ClCompile Include="Multiplayer\Protocol\CombatHitCodec.cpp"><Filter>Multiplayer\Protocol</Filter></ClCompile>
    <ClCompile Include="Multiplayer\Protocol\PlayerMovementCodec.cpp"><Filter>Multiplayer\Protocol</Filter></ClCompile>
    <ClCompile Include="Multiplayer\Protocol\PopulationStateMessage.cpp"><Filter>Multiplayer\Protocol</Filter></ClCompile>
    <ClCompile Include="Multiplayer\Protocol\SavedEntityMapBaselineMessage.cpp"><Filter>Multiplayer\Protocol</Filter></ClCompile>
    <ClCompile Include="Multiplayer\Protocol\QuestStateSnapshotMessage.cpp"><Filter>Multiplayer\Protocol</Filter></ClCompile>
    <ClCompile Include="Multiplayer\Protocol\WorldSectionSnapshotMessage.cpp"><Filter>Multiplayer\Protocol</Filter></ClCompile>
    <ClCompile Include="Game\HeroPawn\Remote\RemoteHeroActor.cpp"><Filter>Game\HeroPawn\Remote</Filter></ClCompile>
    <ClCompile Include="Game\HeroPawn\Remote\RemoteHeroNativeLifecycle.cpp"><Filter>Game\HeroPawn\Remote</Filter></ClCompile>
    <ClCompile Include="Multiplayer\Presentation\RemotePlayerActionPresentation.cpp"><Filter>Multiplayer\Presentation</Filter></ClCompile>
    <ClCompile Include="Multiplayer\Presentation\RemotePlayerRegistry.cpp"><Filter>Multiplayer\Presentation</Filter></ClCompile>
    <ClCompile Include="Multiplayer\Presentation\RemotePlayerPartyHud.cpp"><Filter>Multiplayer\Presentation</Filter></ClCompile>
    <ClCompile Include="Multiplayer\Replication\LocalHeroReplication.cpp"><Filter>Multiplayer\Replication</Filter></ClCompile>
    <ClCompile Include="Multiplayer\Replication\LocalHeroOwnedStateRestorer.cpp"><Filter>Multiplayer\Replication</Filter></ClCompile>
    <ClCompile Include="Multiplayer\Replication\LocalPlayerActionCapture.cpp"><Filter>Multiplayer\Replication</Filter></ClCompile>
    <ClCompile Include="Multiplayer\Replication\EntityActionReplication.cpp"><Filter>Multiplayer\Replication</Filter></ClCompile>
    <ClCompile Include="Multiplayer\Replication\PlayerActionReplication.cpp"><Filter>Multiplayer\Replication</Filter></ClCompile>
    <ClCompile Include="Multiplayer\Replication\PlayerActionEventQueue.cpp"><Filter>Multiplayer\Replication</Filter></ClCompile>
    <ClCompile Include="Multiplayer\Replication\PlayerActorStateReplication.cpp"><Filter>Multiplayer\Replication</Filter></ClCompile>
    <ClCompile Include="Multiplayer\Replication\PlayerActorLifecycleReducer.cpp"><Filter>Multiplayer\Replication</Filter></ClCompile>
    <ClCompile Include="Multiplayer\Replication\PlayerActorStatePublicationQueue.cpp"><Filter>Multiplayer\Replication</Filter></ClCompile>
    <ClCompile Include="Multiplayer\Replication\EntityVitalsReplication.cpp"><Filter>Multiplayer\Replication</Filter></ClCompile>
    <ClCompile Include="Multiplayer\Replication\CombatHitAuthorityPipeline.cpp"><Filter>Multiplayer\Replication</Filter></ClCompile>
    <ClCompile Include="Multiplayer\Replication\CombatHitReplication.cpp"><Filter>Multiplayer\Replication</Filter></ClCompile>
    <ClCompile Include="Multiplayer\Replication\EntityLowSimulationReplication.cpp"><Filter>Multiplayer\Replication</Filter></ClCompile>
    <ClCompile Include="Multiplayer\Replication\LocalPlayerChannel.cpp"><Filter>Multiplayer\Replication</Filter></ClCompile>
    <ClCompile Include="Multiplayer\Replication\RemotePlayerChannels.cpp"><Filter>Multiplayer\Replication</Filter></ClCompile>
    <ClCompile Include="Multiplayer\Replication\VillageMembershipReplication.cpp"><Filter>Multiplayer\Replication</Filter></ClCompile>
    <ClCompile Include="Multiplayer\Transport\ReliableMessageDispatcher.cpp"><Filter>Multiplayer\Transport</Filter></ClCompile>
    <ClCompile Include="Multiplayer\Transport\ConnectionNonceRegistry.cpp"><Filter>Multiplayer\Transport</Filter></ClCompile>
    <ClCompile Include="Multiplayer\Transport\MovementTransport.cpp"><Filter>Multiplayer\Transport</Filter></ClCompile>
    <ClCompile Include="Multiplayer\Transport\PeerDatagramCodec.cpp"><Filter>Multiplayer\Transport</Filter></ClCompile>
    <ClCompile Include="Multiplayer\Transport\PeerSessionRegistry.cpp"><Filter>Multiplayer\Transport</Filter></ClCompile>
    <ClCompile Include="Multiplayer\Transport\ReliableStreamTransport.cpp"><Filter>Multiplayer\Transport</Filter></ClCompile>
    <ClCompile Include="Multiplayer\Transport\UdpPeer.cpp"><Filter>Multiplayer\Transport</Filter></ClCompile>
    <ClCompile Include="Multiplayer\Transport\SessionClock.cpp"><Filter>Multiplayer\Transport</Filter></ClCompile>
    <ClCompile Include="Multiplayer\World\MapIdentityRegistry.cpp"><Filter>Multiplayer\World</Filter></ClCompile>
    <ClCompile Include="Multiplayer\World\MapTransitionAuthorityService.cpp"><Filter>Multiplayer\World</Filter></ClCompile>
    <ClCompile Include="Game\World\Bindings\WorldBindings.cpp"><Filter>Game\World\Bindings</Filter></ClCompile>
    <ClCompile Include="Scripting\Bindings\Registry\GameBindings.cpp"><Filter>Scripting\Bindings\Registry</Filter></ClCompile>
    <ClCompile Include="Scripting\Runtime\Capabilities\ApiCoverage.cpp"><Filter>Scripting\Runtime\Capabilities</Filter></ClCompile>
    <ClCompile Include="Scripting\Runtime\Events\EventBindings.cpp"><Filter>Scripting\Runtime\Events</Filter></ClCompile>
    <ClCompile Include="Scripting\Runtime\Events\EventBus.cpp"><Filter>Scripting\Runtime\Events</Filter></ClCompile>
    <ClCompile Include="Scripting\Runtime\Host\ScriptHost.cpp"><Filter>Scripting\Runtime\Host</Filter></ClCompile>
    <ClCompile Include="Scripting\Runtime\Scheduling\Scheduler.cpp"><Filter>Scripting\Runtime\Scheduling</Filter></ClCompile>
    <ClCompile Include="Scripting\Runtime\Scheduling\SchedulerBindings.cpp"><Filter>Scripting\Runtime\Scheduling</Filter></ClCompile>
    <ClCompile Include="Scripting\Runtime\Storage\PersistentStore.cpp"><Filter>Scripting\Runtime\Storage</Filter></ClCompile>
    <ClCompile Include="Scripting\Runtime\Storage\StorageBindings.cpp"><Filter>Scripting\Runtime\Storage</Filter></ClCompile>
    <ClCompile Include="UI\Hud\HudService.cpp"><Filter>UI\Hud</Filter></ClCompile>
    <ClCompile Include="UI\Hud\Bindings\UiBindings.cpp"><Filter>UI\Hud\Bindings</Filter></ClCompile>
    <ClCompile Include="UI\FrontEnd\Hooks\FrontEndStartInitializerHook.cpp"><Filter>UI\FrontEnd\Hooks</Filter></ClCompile>
    <ClCompile Include="UI\FrontEnd\Hooks\FrontEndLifecycleHooks.cpp"><Filter>UI\FrontEnd\Hooks</Filter></ClCompile>
    <ClCompile Include="UI\FrontEnd\Native\FrontEndStartInitializer.cpp"><Filter>UI\FrontEnd\Native</Filter></ClCompile>
    <ClCompile Include="UI\FrontEnd\Native\FrontEndLifecycleFunctions.cpp"><Filter>UI\FrontEnd\Native</Filter></ClCompile>
    <ClCompile Include="UI\MainWindow\MainWindowHook.cpp"><Filter>UI\MainWindow</Filter></ClCompile>
    <ClCompile Include="Main.cpp" />
    <ClCompile Include="Automation\CharacterSnapshot\CharacterSnapshotScenario.cpp"><Filter>Automation\CharacterSnapshot</Filter></ClCompile>
    <ClCompile Include="Automation\FrontEnd\FrontEndAutomationScenario.cpp"><Filter>Automation\FrontEnd</Filter></ClCompile>
    <ClCompile Include="Automation\Runtime\AutomationRunner.cpp"><Filter>Automation\Runtime</Filter></ClCompile>
    <ClCompile Include="Automation\TransformProbe\TransformProbeScenario.cpp"><Filter>Automation\TransformProbe</Filter></ClCompile>
    <ClCompile Include="Core\Bootstrap\ClientRuntime.cpp"><Filter>Core\Bootstrap</Filter></ClCompile>
    <ClCompile Include="Core\Bootstrap\ClientRuntimeStartup.cpp"><Filter>Core\Bootstrap</Filter></ClCompile>
    <ClCompile Include="Core\Bootstrap\FeatureRegistry.cpp"><Filter>Core\Bootstrap</Filter></ClCompile>
    <ClCompile Include="Core\Bootstrap\NativeRuntimeFeatures.cpp"><Filter>Core\Bootstrap</Filter></ClCompile>
    <ClCompile Include="Core\Diagnostics\ProcessExceptionObserver.cpp"><Filter>Core\Diagnostics</Filter></ClCompile>
    <ClCompile Include="Core\Target\ExecutableValidator.cpp"><Filter>Core\Target</Filter></ClCompile>
    <ClCompile Include="Game\Runtime\GameServiceRuntime.cpp"><Filter>Game\Runtime</Filter></ClCompile>
    <ClCompile Include="Game\Runtime\GameplayRuntime.cpp"><Filter>Game\Runtime</Filter></ClCompile>
    <ClCompile Include="Game\Runtime\GameplayRuntimeDispatch.cpp"><Filter>Game\Runtime</Filter></ClCompile>
    <ClCompile Include="Multiplayer\Runtime\MultiplayerRuntimeGraph.cpp"><Filter>Multiplayer\Runtime</Filter></ClCompile>
    <ClCompile Include="Multiplayer\Runtime\PresentationLifecycleCoordinator.cpp"><Filter>Multiplayer\Runtime</Filter></ClCompile>
    <ClCompile Include="Multiplayer\Runtime\RemotePlayerLifecycleInvalidation.cpp"><Filter>Multiplayer\Runtime</Filter></ClCompile>
    <ClCompile Include="Multiplayer\Transport\ReliableSinkDescriptorRegistry.cpp"><Filter>Multiplayer\Transport</Filter></ClCompile>
    <ClCompile Include="Scripting\Bindings\Registry\ScriptBindingRegistry.cpp"><Filter>Scripting\Bindings\Registry</Filter></ClCompile>
    <ClCompile Include="UI\Runtime\GameWindowRuntime.cpp"><Filter>UI\Runtime</Filter></ClCompile>
  </ItemGroup>
  <ItemGroup>
    <ClInclude Include="DeveloperTools\DeveloperToolTypes.h"><Filter>DeveloperTools</Filter></ClInclude>
    <ClInclude Include="DeveloperTools\DeveloperCommandQueue.h"><Filter>DeveloperTools</Filter></ClInclude>
    <ClInclude Include="DeveloperTools\DeveloperToolBackend.h"><Filter>DeveloperTools</Filter></ClInclude>
    <ClInclude Include="DeveloperTools\Game\GameDeveloperToolAdapter.h"><Filter>DeveloperTools\Game</Filter></ClInclude>
    <ClInclude Include="DeveloperTools\Game\MultiplayerSaveSectionStatusProvider.h"><Filter>DeveloperTools\Game</Filter></ClInclude>
    <ClInclude Include="DeveloperTools\Scripting\DeveloperToolBindings.h"><Filter>DeveloperTools\Scripting</Filter></ClInclude>
    <ClInclude Include="DeveloperTools\Runtime\DeveloperToolsRuntime.h"><Filter>DeveloperTools\Runtime</Filter></ClInclude>
    <ClInclude Include="UI\ImGui\Bindings\ImGuiBindings.h"><Filter>UI\ImGui\Bindings</Filter></ClInclude>
    <ClInclude Include="UI\ImGui\Runtime\ImGuiDx9Runtime.h"><Filter>UI\ImGui\Runtime</Filter></ClInclude>
    <ClInclude Include="Automation\Multiplayer\Abilities\HeroWillAbilityAcceptanceDriver.h"><Filter>Automation\Multiplayer\Abilities</Filter></ClInclude>
    <ClInclude Include="Multiplayer\Authority\AuthorityReplication.h"><Filter>Multiplayer\Authority</Filter></ClInclude>
    <ClInclude Include="Multiplayer\Authority\ActionAuthorityCoordinator.h"><Filter>Multiplayer\Authority</Filter></ClInclude>
    <ClInclude Include="Multiplayer\Authority\EntitySimulationAuthority.h"><Filter>Multiplayer\Authority</Filter></ClInclude>
    <ClInclude Include="Multiplayer\Authority\MapAuthorityCoordinator.h"><Filter>Multiplayer\Authority</Filter></ClInclude>
    <ClInclude Include="Multiplayer\Authority\MapAuthorityBaselineGate.h"><Filter>Multiplayer\Authority</Filter></ClInclude>
    <ClInclude Include="Automation\AppearanceCycle\AppearanceCycleScenario.h"><Filter>Automation\AppearanceCycle</Filter></ClInclude>
    <ClInclude Include="Automation\CharacterSnapshot\ServerCharacterSnapshot.h"><Filter>Automation\CharacterSnapshot</Filter></ClInclude>
    <ClInclude Include="Automation\FixtureDocuments\Hooks\DocumentsFolderRedirectHook.h"><Filter>Automation\FixtureDocuments\Hooks</Filter></ClInclude>
    <ClInclude Include="Automation\FixtureDocuments\Native\DocumentsFolderImport.h"><Filter>Automation\FixtureDocuments\Native</Filter></ClInclude>
    <ClInclude Include="Automation\LocalInstance\Hooks\ForegroundWindowHook.h"><Filter>Automation\LocalInstance\Hooks</Filter></ClInclude>
    <ClInclude Include="Automation\LocalInstance\MapTransitionAcceptanceDriver.h"><Filter>Automation\LocalInstance</Filter></ClInclude>
    <ClInclude Include="Automation\LocalInstance\Hooks\UnrealSingletonHook.h"><Filter>Automation\LocalInstance\Hooks</Filter></ClInclude>
    <ClInclude Include="Automation\LocalInstance\Native\ForegroundWindowImport.h"><Filter>Automation\LocalInstance\Native</Filter></ClInclude>
    <ClInclude Include="Automation\LocalInstance\Native\UnrealSingletonImport.h"><Filter>Automation\LocalInstance\Native</Filter></ClInclude>
    <ClInclude Include="Automation\Multiplayer\Combat\CombatTargetAcceptanceDriver.h"><Filter>Automation\Multiplayer\Combat</Filter></ClInclude>
    <ClInclude Include="Automation\Multiplayer\Combat\CombatVisualExchangeDriver.h"><Filter>Automation\Multiplayer\Combat</Filter></ClInclude>
    <ClInclude Include="Automation\Multiplayer\Persistence\SaveAcceptanceDriver.h"><Filter>Automation\Multiplayer\Persistence</Filter></ClInclude>
    <ClInclude Include="Automation\Multiplayer\Transition\NpcTransferAcceptanceDriver.h"><Filter>Automation\Multiplayer\Transition</Filter></ClInclude>
    <ClInclude Include="Automation\Multiplayer\Transition\NativeRegionRoute.h"><Filter>Automation\Multiplayer\Transition</Filter></ClInclude>
    <ClInclude Include="Automation\Multiplayer\Transition\MapStressAcceptanceDriver.h"><Filter>Automation\Multiplayer\Transition</Filter></ClInclude>
    <ClInclude Include="Automation\Multiplayer\Transition\OwnerScopedPresentationAcceptanceDriver.h"><Filter>Automation\Multiplayer\Transition</Filter></ClInclude>
    <ClInclude Include="Automation\Runtime\RuntimeConfiguration.h"><Filter>Automation\Runtime</Filter></ClInclude>
    <ClInclude Include="Core\Capabilities\CapabilityRegistry.h"><Filter>Core\Capabilities</Filter></ClInclude>
    <ClInclude Include="Core\Diagnostics\DiagnosticLog.h"><Filter>Core\Diagnostics</Filter></ClInclude>
    <ClInclude Include="Core\Diagnostics\Diagnostics.h"><Filter>Core\Diagnostics</Filter></ClInclude>
    <ClInclude Include="Core\Hooking\CodePatch.h"><Filter>Core\Hooking</Filter></ClInclude>
    <ClInclude Include="Core\GameThread\Hooks\GameThreadIdleHook.h"><Filter>Core\GameThread\Hooks</Filter></ClInclude>
    <ClInclude Include="Core\GameThread\Hooks\SimulationFrameHook.h"><Filter>Core\GameThread\Hooks</Filter></ClInclude>
    <ClInclude Include="Core\GameThread\Native\SimulationFrameFunction.h"><Filter>Core\GameThread\Native</Filter></ClInclude>
    <ClInclude Include="Core\GameThread\Native\PeekMessageImport.h"><Filter>Core\GameThread\Native</Filter></ClInclude>
    <ClInclude Include="Game\Creature\CreatureService.h"><Filter>Game\Creature</Filter></ClInclude>
    <ClInclude Include="Game\Creature\AI\Hooks\AiBrainUpdateObserver.h"><Filter>Game\Creature\AI\Hooks</Filter></ClInclude>
    <ClInclude Include="Game\Creature\AI\Native\AiBrainFunctions.h"><Filter>Game\Creature\AI\Native</Filter></ClInclude>
    <ClInclude Include="Game\Creature\Actions\Hooks\CreatureActionLifecycleObserver.h"><Filter>Game\Creature\Actions\Hooks</Filter></ClInclude>
    <ClInclude Include="Game\Creature\Actions\CreatureActionLifecycleEvent.h"><Filter>Game\Creature\Actions</Filter></ClInclude>
    <ClInclude Include="Game\Creature\Actions\Native\CreatureActionFunctions.h"><Filter>Game\Creature\Actions\Native</Filter></ClInclude>
    <ClInclude Include="Game\Creature\Animation\CreatureAnimationService.h"><Filter>Game\Creature\Animation</Filter></ClInclude>
    <ClInclude Include="Game\Creature\Animation\Native\AnimationPlaybackFunctions.h"><Filter>Game\Creature\Animation\Native</Filter></ClInclude>
    <ClInclude Include="Game\Creature\Animation\Hooks\CreatureActionAnimationSelectionHook.h"><Filter>Game\Creature\Animation\Hooks</Filter></ClInclude>
    <ClInclude Include="Game\Creature\Combat\Bindings\CreatureCombatBindings.h"><Filter>Game\Creature\Combat\Bindings</Filter></ClInclude>
    <ClInclude Include="Game\Creature\Combat\CreatureCombatService.h"><Filter>Game\Creature\Combat</Filter></ClInclude>
    <ClInclude Include="Game\Creature\Equipment\CreatureWeaponFamily.h"><Filter>Game\Creature\Equipment</Filter></ClInclude>
    <ClInclude Include="Game\Creature\Equipment\Hooks\CreatureCarryingMutationObserver.h"><Filter>Game\Creature\Equipment\Hooks</Filter></ClInclude>
    <ClInclude Include="Game\Creature\Equipment\Native\CreatureWeaponFunctions.h"><Filter>Game\Creature\Equipment\Native</Filter></ClInclude>
    <ClInclude Include="Game\Creature\Equipment\Native\CreatureWeaponCache.h"><Filter>Game\Creature\Equipment\Native</Filter></ClInclude>
    <ClInclude Include="Game\Creature\Equipment\Native\CreatureWeaponNativeSupport.h"><Filter>Game\Creature\Equipment\Native</Filter></ClInclude>
    <ClInclude Include="Game\Creature\Combat\CombatHealthMutationEvent.h"><Filter>Game\Creature\Combat</Filter></ClInclude>
    <ClInclude Include="Game\Creature\Combat\ResolvedHitEvent.h"><Filter>Game\Creature\Combat</Filter></ClInclude>
    <ClInclude Include="Game\Creature\Combat\CreatureHitResolutionHook.h"><Filter>Game\Creature\Combat\Hooks</Filter></ClInclude>
    <ClInclude Include="Game\Creature\Combat\Hooks\CombatHealthMutationHook.h"><Filter>Game\Creature\Combat\Hooks</Filter></ClInclude>
    <ClInclude Include="Game\Creature\Combat\Hooks\PlayerAttackAbilityHook.h"><Filter>Game\Creature\Combat\Hooks</Filter></ClInclude>
    <ClInclude Include="Game\Creature\Combat\CreatureAbilityEvent.h"><Filter>Game\Creature\Combat</Filter></ClInclude>
    <ClInclude Include="Game\Creature\Combat\Native\CreatureCombatFunctions.h"><Filter>Game\Creature\Combat\Native</Filter></ClInclude>
    <ClInclude Include="Game\Creature\Combat\Native\CombatHealthMutationFunction.h"><Filter>Game\Creature\Combat\Native</Filter></ClInclude>
    <ClInclude Include="Game\Creature\Combat\Native\CreatureHitResolutionFunction.h"><Filter>Game\Creature\Combat\Native</Filter></ClInclude>
    <ClInclude Include="Game\Creature\Combat\Native\CreatureHitReactionFunctions.h"><Filter>Game\Creature\Combat\Native</Filter></ClInclude>
    <ClInclude Include="Game\Creature\Combat\Native\CreatureDeathFunctions.h"><Filter>Game\Creature\Combat\Native</Filter></ClInclude>
    <ClInclude Include="Game\Creature\Combat\Native\CreatureAbilitySubmissionFunction.h"><Filter>Game\Creature\Combat\Native</Filter></ClInclude>
    <ClInclude Include="Game\Creature\Combat\Native\AiTargetingComponent.h"><Filter>Game\Creature\Combat\Native</Filter></ClInclude>
    <ClInclude Include="Game\Creature\Combat\Native\HeroTargetingComponent.h"><Filter>Game\Creature\Combat\Native</Filter></ClInclude>
    <ClInclude Include="Game\Creature\Companion\Native\CompanionFunctions.h"><Filter>Game\Creature\Companion\Native</Filter></ClInclude>
    <ClInclude Include="Game\Creature\Bindings\CreatureBindings.h"><Filter>Game\Creature\Bindings</Filter></ClInclude>
    <ClInclude Include="Game\Creature\Bindings\CreatureServiceBindings.h"><Filter>Game\Creature\Bindings</Filter></ClInclude>
    <ClInclude Include="Game\Creature\Control\ScriptControl.h"><Filter>Game\Creature\Control</Filter></ClInclude>
    <ClInclude Include="Game\Creature\Expression\Native\CreatureExpressionActionInspector.h"><Filter>Game\Creature\Expression\Native</Filter></ClInclude>
    <ClInclude Include="Game\Creature\Expression\Native\CreatureExpressionActionFunctions.h"><Filter>Game\Creature\Expression\Native</Filter></ClInclude>
    <ClInclude Include="Game\Creature\Hooks\CreatureConstructorHook.h"><Filter>Game\Creature\Hooks</Filter></ClInclude>
    <ClInclude Include="Game\Creature\Look\Bindings\CreatureLookBindings.h"><Filter>Game\Creature\Look\Bindings</Filter></ClInclude>
    <ClInclude Include="Game\Creature\Look\CreatureLookService.h"><Filter>Game\Creature\Look</Filter></ClInclude>
    <ClInclude Include="Game\Creature\Look\Hooks\CreatureFacingInputRouterHook.h"><Filter>Game\Creature\Look\Hooks</Filter></ClInclude>
    <ClInclude Include="Game\Creature\Look\Native\CreatureLookFunctions.h"><Filter>Game\Creature\Look\Native</Filter></ClInclude>
    <ClInclude Include="Game\Creature\Locomotion\Bindings\CreatureLocomotionBindings.h"><Filter>Game\Creature\Locomotion\Bindings</Filter></ClInclude>
    <ClInclude Include="Game\Creature\Locomotion\CreatureLocomotionService.h"><Filter>Game\Creature\Locomotion</Filter></ClInclude>
    <ClInclude Include="Game\Creature\Locomotion\CreatureLocomotionState.h"><Filter>Game\Creature\Locomotion</Filter></ClInclude>
    <ClInclude Include="Game\Creature\Locomotion\CreatureModeSourceEvent.h"><Filter>Game\Creature\Locomotion</Filter></ClInclude>
    <ClInclude Include="Game\Creature\Locomotion\Hooks\CreatureModeManagerObserver.h"><Filter>Game\Creature\Locomotion\Hooks</Filter></ClInclude>
    <ClInclude Include="Game\Creature\Locomotion\Hooks\CreatureFrameInputRouterHook.h"><Filter>Game\Creature\Locomotion\Hooks</Filter></ClInclude>
    <ClInclude Include="Game\Creature\Locomotion\Hooks\FollowCreatureActionHook.h"><Filter>Game\Creature\Locomotion\Hooks</Filter></ClInclude>
    <ClInclude Include="Game\Creature\Locomotion\Hooks\PhysicsMovementInputHook.h"><Filter>Game\Creature\Locomotion\Hooks</Filter></ClInclude>
    <ClInclude Include="Game\Creature\Locomotion\Hooks\PhysicsNavigatorObserver.h"><Filter>Game\Creature\Locomotion\Hooks</Filter></ClInclude>
    <ClInclude Include="Game\Creature\Locomotion\Native\CreatureModeManagerFunctions.h"><Filter>Game\Creature\Locomotion\Native</Filter></ClInclude>
    <ClInclude Include="Game\Creature\Locomotion\Native\FollowCreatureActionFunctions.h"><Filter>Game\Creature\Locomotion\Native</Filter></ClInclude>
    <ClInclude Include="Game\Creature\Locomotion\Native\LocomotionComponents.h"><Filter>Game\Creature\Locomotion\Native</Filter></ClInclude>
    <ClInclude Include="Game\Creature\Locomotion\Native\PhysicsMovementFunctions.h"><Filter>Game\Creature\Locomotion\Native</Filter></ClInclude>
    <ClInclude Include="Game\Creature\Locomotion\Native\PhysicsNavigatorFunctions.h"><Filter>Game\Creature\Locomotion\Native</Filter></ClInclude>
    <ClInclude Include="Game\Creature\Native\CreatureConstructorFunction.h"><Filter>Game\Creature\Native</Filter></ClInclude>
    <ClInclude Include="Game\Creature\Native\CreatureFrameFunctions.h"><Filter>Game\Creature\Native</Filter></ClInclude>
    <ClInclude Include="Game\Entity\Entity.h"><Filter>Game\Entity</Filter></ClInclude>
    <ClInclude Include="Game\Entity\EntityService.h"><Filter>Game\Entity</Filter></ClInclude>
    <ClInclude Include="Game\Entity\Bindings\EntityBindings.h"><Filter>Game\Entity\Bindings</Filter></ClInclude>
    <ClInclude Include="Game\Entity\Native\ThingComponentAccess.h"><Filter>Game\Entity\Native</Filter></ClInclude>
    <ClInclude Include="Game\Entity\Native\EntityFlagFunction.h"><Filter>Game\Entity\Native</Filter></ClInclude>
    <ClInclude Include="Game\Entity\Native\ThingComponentProvisioner.h"><Filter>Game\Entity\Native</Filter></ClInclude>
    <ClInclude Include="Game\Entity\Native\ScriptedUseActionFunctions.h"><Filter>Game\Entity\Native</Filter></ClInclude>
    <ClInclude Include="Game\Entity\Presence\Hooks\ThingPresenceObserver.h"><Filter>Game\Entity\Presence\Hooks</Filter></ClInclude>
    <ClInclude Include="Game\Entity\Presence\Native\MapwhoFunctions.h"><Filter>Game\Entity\Presence\Native</Filter></ClInclude>
    <ClInclude Include="Game\Entity\Presence\TransientEntityCreationScope.h"><Filter>Game\Entity\Presence</Filter></ClInclude>
    <ClInclude Include="Game\Entity\Persistence\Hooks\SavedEntityMapBlobObserver.h"><Filter>Game\Entity\Persistence\Hooks</Filter></ClInclude>
    <ClInclude Include="Game\Entity\Persistence\Hooks\ThingSaveProjectionHook.h"><Filter>Game\Entity\Persistence\Hooks</Filter></ClInclude>
    <ClInclude Include="Game\Entity\Persistence\Native\SavedEntityMapRecordInstaller.h"><Filter>Game\Entity\Persistence\Native</Filter></ClInclude>
    <ClInclude Include="Game\Entity\Persistence\Native\SavedEntityCompression.h"><Filter>Game\Entity\Persistence\Native</Filter></ClInclude>
    <ClInclude Include="Game\Entity\Persistence\Native\SavedEntitiesFunctions.h"><Filter>Game\Entity\Persistence\Native</Filter></ClInclude>
    <ClInclude Include="Game\Entity\Persistence\Native\ThingSaveFunctions.h"><Filter>Game\Entity\Persistence\Native</Filter></ClInclude>
    <ClInclude Include="Game\Entity\Persistence\SavedEntityMapBlobSnapshot.h"><Filter>Game\Entity\Persistence</Filter></ClInclude>
    <ClInclude Include="Game\Entity\Persistence\Serialization\HeroSavedEntityRecord.h"><Filter>Game\Entity\Persistence\Serialization</Filter></ClInclude>
    <ClInclude Include="Game\Entity\Persistence\Serialization\SavedEntityCell.h"><Filter>Game\Entity\Persistence\Serialization</Filter></ClInclude>
    <ClInclude Include="Game\Entity\Presence\ThingPresenceEvent.h"><Filter>Game\Entity\Presence</Filter></ClInclude>
    <ClInclude Include="Game\HeroPawn\HeroPawnService.h"><Filter>Game\HeroPawn</Filter></ClInclude>
    <ClInclude Include="Game\HeroPawn\Travel\Hooks\GuildTeleportSafetyHook.h"><Filter>Game\HeroPawn\Travel\Hooks</Filter></ClInclude>
    <ClInclude Include="Game\HeroPawn\Travel\Hooks\MapTransitionUiActionSafetyHook.h"><Filter>Game\HeroPawn\Travel\Hooks</Filter></ClInclude>
    <ClInclude Include="Game\HeroPawn\Abilities\HeroAbility.h"><Filter>Game\HeroPawn\Abilities</Filter></ClInclude>
    <ClInclude Include="Game\HeroPawn\Abilities\HeroAbilityEvent.h"><Filter>Game\HeroPawn\Abilities</Filter></ClInclude>
    <ClInclude Include="Game\HeroPawn\Abilities\HeroWillAbilityService.h"><Filter>Game\HeroPawn\Abilities</Filter></ClInclude>
    <ClInclude Include="Game\HeroPawn\Abilities\Hooks\AssassinRushPresentationHook.h"><Filter>Game\HeroPawn\Abilities\Hooks</Filter></ClInclude>
    <ClInclude Include="Game\HeroPawn\Abilities\Hooks\HeroWillAbilityHook.h"><Filter>Game\HeroPawn\Abilities\Hooks</Filter></ClInclude>
    <ClInclude Include="Game\HeroPawn\Abilities\Hooks\PillarAbilityLifecycleHook.h"><Filter>Game\HeroPawn\Abilities\Hooks</Filter></ClInclude>
    <ClInclude Include="Game\HeroPawn\Abilities\Native\HeroWillAbilityFunctions.h"><Filter>Game\HeroPawn\Abilities\Native</Filter></ClInclude>
    <ClInclude Include="Game\HeroPawn\Abilities\Native\HeroWillComponentProvisioner.h"><Filter>Game\HeroPawn\Abilities\Native</Filter></ClInclude>
    <ClInclude Include="Game\HeroPawn\Abilities\RemoteHeroAbilityController.h"><Filter>Game\HeroPawn\Abilities</Filter></ClInclude>
    <ClInclude Include="Game\HeroPawn\Expression\RemoteHeroExpressionController.h"><Filter>Game\HeroPawn\Expression</Filter></ClInclude>
    <ClInclude Include="Game\HeroPawn\Appearance\HeroAppearanceState.h"><Filter>Game\HeroPawn\Appearance</Filter></ClInclude>
    <ClInclude Include="Game\HeroPawn\Appearance\HeroClothingState.h"><Filter>Game\HeroPawn\Appearance</Filter></ClInclude>
    <ClInclude Include="Game\HeroPawn\Appearance\HeroMorphState.h"><Filter>Game\HeroPawn\Appearance</Filter></ClInclude>
    <ClInclude Include="Game\HeroPawn\Appearance\Diagnostics\HeroPresentationDiagnostics.h"><Filter>Game\HeroPawn\Appearance\Diagnostics</Filter></ClInclude>
    <ClInclude Include="Game\HeroPawn\Appearance\Hooks\RemoteHeroPresentationFactoryHook.h"><Filter>Game\HeroPawn\Appearance\Hooks</Filter></ClInclude>
    <ClInclude Include="Game\HeroPawn\Appearance\Hooks\RemoteHeroDefinitionHook.h"><Filter>Game\HeroPawn\Appearance\Hooks</Filter></ClInclude>
    <ClInclude Include="Game\HeroPawn\Appearance\Hooks\HeroAppearanceMutationObserver.h"><Filter>Game\HeroPawn\Appearance\Hooks</Filter></ClInclude>
    <ClInclude Include="Game\HeroPawn\Appearance\Native\HeroAttachableAppearanceComponent.h"><Filter>Game\HeroPawn\Appearance\Native</Filter></ClInclude>
    <ClInclude Include="Game\HeroPawn\Appearance\Native\HeroClothingComponent.h"><Filter>Game\HeroPawn\Appearance\Native</Filter></ClInclude>
    <ClInclude Include="Game\HeroPawn\Appearance\Native\HeroMorphComponent.h"><Filter>Game\HeroPawn\Appearance\Native</Filter></ClInclude>
    <ClInclude Include="Game\HeroPawn\Appearance\Native\RemoteHeroRuntimeDefinition.h"><Filter>Game\HeroPawn\Appearance\Native</Filter></ClInclude>
    <ClInclude Include="Game\HeroPawn\Appearance\RemoteHeroAppearanceController.h"><Filter>Game\HeroPawn\Appearance</Filter></ClInclude>
    <ClInclude Include="Game\HeroPawn\Combat\RemoteHeroCombatController.h"><Filter>Game\HeroPawn\Combat</Filter></ClInclude>
    <ClInclude Include="Game\HeroPawn\Combat\RemoteHeroRangedAimController.h"><Filter>Game\HeroPawn\Combat</Filter></ClInclude>
    <ClInclude Include="Game\HeroPawn\Equipment\HeroEquipmentState.h"><Filter>Game\HeroPawn\Equipment</Filter></ClInclude>
    <ClInclude Include="Game\HeroPawn\Equipment\Hooks\HeroEquipmentMutationObserver.h"><Filter>Game\HeroPawn\Equipment\Hooks</Filter></ClInclude>
    <ClInclude Include="Game\HeroPawn\Equipment\Hooks\RemoteRangedWeaponOrientationHook.h"><Filter>Game\HeroPawn\Equipment\Hooks</Filter></ClInclude>
    <ClInclude Include="Game\HeroPawn\Equipment\Native\HeroWeaponComponent.h"><Filter>Game\HeroPawn\Equipment\Native</Filter></ClInclude>
    <ClInclude Include="Game\HeroPawn\Equipment\Native\HeroWeaponComponentProvisioner.h"><Filter>Game\HeroPawn\Equipment\Native</Filter></ClInclude>
    <ClInclude Include="Game\HeroPawn\Equipment\RemoteHeroEquipmentController.h"><Filter>Game\HeroPawn\Equipment</Filter></ClInclude>
    <ClInclude Include="Game\HeroPawn\Equipment\Transitions\RemoteHeroWeaponTransitionController.h"><Filter>Game\HeroPawn\Equipment\Transitions</Filter></ClInclude>
    <ClInclude Include="Game\HeroPawn\Bindings\HeroPawnBindings.h"><Filter>Game\HeroPawn\Bindings</Filter></ClInclude>
    <ClInclude Include="Game\HeroPawn\TransformProbe\Hooks\HeroTransformCompatibilityHooks.h"><Filter>Game\HeroPawn\TransformProbe\Hooks</Filter></ClInclude>
    <ClInclude Include="Game\HeroPawn\TransformProbe\Native\HeroTransformCompatibilityFunctions.h"><Filter>Game\HeroPawn\TransformProbe\Native</Filter></ClInclude>
    <ClInclude Include="Game\Math\Vector3.h"><Filter>Game\Math</Filter></ClInclude>
    <ClInclude Include="Game\Math\Bindings\MathBindings.h"><Filter>Game\Math\Bindings</Filter></ClInclude>
    <ClInclude Include="Game\Native\Addresses.h"><Filter>Game\Native</Filter></ClInclude>
    <ClInclude Include="Game\Native\GameInterface.h"><Filter>Game\Native</Filter></ClInclude>
    <ClInclude Include="Game\Native\ScriptTypes.h"><Filter>Game\Native</Filter></ClInclude>
    <ClInclude Include="Game\NPC\NpcService.h"><Filter>Game\NPC</Filter></ClInclude>
    <ClInclude Include="Game\NPC\Conversation\Native\ConversationCameraFunctions.h"><Filter>Game\NPC\Conversation\Native</Filter></ClInclude>
    <ClInclude Include="Game\NPC\Population\Hooks\PopulationSimulationHook.h"><Filter>Game\NPC\Population\Hooks</Filter></ClInclude>
    <ClInclude Include="Game\NPC\Population\Native\PopulationSimulationFunctions.h"><Filter>Game\NPC\Population\Native</Filter></ClInclude>
    <ClInclude Include="Game\NPC\Simulation\DummyVillager\DummyVillagerMutationEvent.h"><Filter>Game\NPC\Simulation\DummyVillager</Filter></ClInclude>
    <ClInclude Include="Game\NPC\Simulation\DummyVillager\DummyVillagerService.h"><Filter>Game\NPC\Simulation\DummyVillager</Filter></ClInclude>
    <ClInclude Include="Game\NPC\Simulation\DummyVillager\DummyVillagerState.h"><Filter>Game\NPC\Simulation\DummyVillager</Filter></ClInclude>
    <ClInclude Include="Game\NPC\Simulation\DummyVillager\Hooks\DummyVillagerMutationHook.h"><Filter>Game\NPC\Simulation\DummyVillager\Hooks</Filter></ClInclude>
    <ClInclude Include="Game\NPC\Simulation\DummyVillager\Native\DummyVillagerFunctions.h"><Filter>Game\NPC\Simulation\DummyVillager\Native</Filter></ClInclude>
    <ClInclude Include="Game\NPC\Village\Hooks\VillageMembershipMutationHook.h"><Filter>Game\NPC\Village\Hooks</Filter></ClInclude>
    <ClInclude Include="Game\NPC\Village\Native\VillageMembershipFunctions.h"><Filter>Game\NPC\Village\Native</Filter></ClInclude>
    <ClInclude Include="Game\NPC\Village\VillageMembershipMutationEvent.h"><Filter>Game\NPC\Village</Filter></ClInclude>
    <ClInclude Include="Game\NPC\Village\VillageMembershipService.h"><Filter>Game\NPC\Village</Filter></ClInclude>
    <ClInclude Include="Game\NPC\Bindings\NpcBindings.h"><Filter>Game\NPC\Bindings</Filter></ClInclude>
    <ClInclude Include="Game\Player\PlayerService.h"><Filter>Game\Player</Filter></ClInclude>
    <ClInclude Include="Game\Player\Bindings\PlayerBindings.h"><Filter>Game\Player\Bindings</Filter></ClInclude>
    <ClInclude Include="Game\Player\Input\PlayerInputService.h"><Filter>Game\Player\Input</Filter></ClInclude>
    <ClInclude Include="Game\Player\Input\Hooks\PlayerCommandPollObserver.h"><Filter>Game\Player\Input\Hooks</Filter></ClInclude>
    <ClInclude Include="Game\Player\Input\Native\PlayerCommandPollFunction.h"><Filter>Game\Player\Input\Native</Filter></ClInclude>
    <ClInclude Include="Game\Quest\QuestService.h"><Filter>Game\Quest</Filter></ClInclude>
    <ClInclude Include="Game\Persistence\Hooks\GameStateSectionLoadHook.h"><Filter>Game\Persistence\Hooks</Filter></ClInclude>
    <ClInclude Include="Game\Persistence\Hooks\WorldSectionPersistenceHook.h"><Filter>Game\Persistence\Hooks</Filter></ClInclude>
    <ClInclude Include="Game\Persistence\Native\AutoSaveFunction.h"><Filter>Game\Persistence\Native</Filter></ClInclude>
    <ClInclude Include="Game\Quest\Bindings\QuestBindings.h"><Filter>Game\Quest\Bindings</Filter></ClInclude>
    <ClInclude Include="Game\World\WorldService.h"><Filter>Game\World</Filter></ClInclude>
    <ClInclude Include="Game\World\Travel\Hooks\WorldTravelObserver.h"><Filter>Game\World\Travel\Hooks</Filter></ClInclude>
    <ClInclude Include="Game\World\Travel\Native\WorldTravelFunctions.h"><Filter>Game\World\Travel\Native</Filter></ClInclude>
    <ClInclude Include="Game\World\Travel\Native\RegionExitFunctions.h"><Filter>Game\World\Travel\Native</Filter></ClInclude>
    <ClInclude Include="Game\World\Travel\WorldTravelPreparation.h"><Filter>Game\World\Travel</Filter></ClInclude>
    <ClInclude Include="Multiplayer\Entities\EntityPresenceReplication.h"><Filter>Multiplayer\Entities</Filter></ClInclude>
    <ClInclude Include="Multiplayer\Entities\EntityLifecycleReplication.h"><Filter>Multiplayer\Entities</Filter></ClInclude>
    <ClInclude Include="Multiplayer\Entities\EntityMaterializationService.h"><Filter>Multiplayer\Entities</Filter></ClInclude>
    <ClInclude Include="Multiplayer\Entities\EntityNetworkIdentityRegistry.h"><Filter>Multiplayer\Entities</Filter></ClInclude>
    <ClInclude Include="Multiplayer\Entities\LiveEntityRegistry.h"><Filter>Multiplayer\Entities</Filter></ClInclude>
    <ClInclude Include="Multiplayer\Entities\WorldEntityDirectory.h"><Filter>Multiplayer\Entities</Filter></ClInclude>
    <ClInclude Include="Multiplayer\Movement\ReplicatedActorMovement.h"><Filter>Multiplayer\Movement</Filter></ClInclude>
    <ClInclude Include="Multiplayer\Movement\EntityMovementReplication.h"><Filter>Multiplayer\Movement</Filter></ClInclude>
    <ClInclude Include="Multiplayer\Persistence\HostWorldStateProjection.h"><Filter>Multiplayer\Persistence</Filter></ClInclude>
    <ClInclude Include="Multiplayer\Persistence\QuestStateAuthorityService.h"><Filter>Multiplayer\Persistence</Filter></ClInclude>
    <ClInclude Include="Multiplayer\Persistence\WorldSectionAuthorityService.h"><Filter>Multiplayer\Persistence</Filter></ClInclude>
    <ClInclude Include="Multiplayer\Persistence\WorldSectionSnapshotTransfer.h"><Filter>Multiplayer\Persistence</Filter></ClInclude>
    <ClInclude Include="Game\Quest\Persistence\QuestStateNativeCaptureHook.h"><Filter>Game\Quest\Persistence</Filter></ClInclude>
    <ClInclude Include="Multiplayer\Persistence\SavedEntityMapBaselineService.h"><Filter>Multiplayer\Persistence</Filter></ClInclude>
    <ClInclude Include="Multiplayer\Persistence\GuestHeroSaveBoundary.h"><Filter>Multiplayer\Persistence</Filter></ClInclude>
    <ClInclude Include="Multiplayer\Persistence\SavedEntityCollectionBaselineTransfer.h"><Filter>Multiplayer\Persistence</Filter></ClInclude>
    <ClInclude Include="Multiplayer\Persistence\SavedEntityConstructionGate.h"><Filter>Multiplayer\Persistence</Filter></ClInclude>
    <ClInclude Include="Multiplayer\Persistence\SavedEntityMapBlobDirectory.h"><Filter>Multiplayer\Persistence</Filter></ClInclude>
    <ClInclude Include="Multiplayer\Population\PopulationSimulationAuthority.h"><Filter>Multiplayer\Population</Filter></ClInclude>
    <ClInclude Include="Multiplayer\Combat\PlayerCombatantDirectory.h"><Filter>Multiplayer\Combat</Filter></ClInclude>
    <ClInclude Include="Multiplayer\Combat\CombatActionLedger.h"><Filter>Multiplayer\Combat</Filter></ClInclude>
    <ClInclude Include="Multiplayer\Combat\CombatHitReactionPolicy.h"><Filter>Multiplayer\Combat</Filter></ClInclude>
    <ClInclude Include="Multiplayer\Combat\CombatTerminalTransitionState.h"><Filter>Multiplayer\Combat</Filter></ClInclude>
    <ClInclude Include="Multiplayer\Combat\CombatHitApplicator.h"><Filter>Multiplayer\Combat</Filter></ClInclude>
    <ClInclude Include="Multiplayer\Combat\CombatHitCandidateBuilder.h"><Filter>Multiplayer\Combat</Filter></ClInclude>
    <ClInclude Include="Multiplayer\Combat\PlayerDeathCoordinator.h"><Filter>Multiplayer\Combat</Filter></ClInclude>
    <ClInclude Include="Multiplayer\Combat\PlayerDeathPolicy.h"><Filter>Multiplayer\Combat</Filter></ClInclude>
    <ClInclude Include="Multiplayer\Movement\ReplicatedMovementSample.h"><Filter>Multiplayer\Movement</Filter></ClInclude>
    <ClInclude Include="Game\HeroPawn\Remote\RemoteHeroActor.h"><Filter>Game\HeroPawn\Remote</Filter></ClInclude>
    <ClInclude Include="Game\HeroPawn\Remote\RemoteHeroNativeLifecycle.h"><Filter>Game\HeroPawn\Remote</Filter></ClInclude>
    <ClInclude Include="Game\HeroPawn\Remote\RemoteHeroVisibilityPolicy.h"><Filter>Game\HeroPawn\Remote</Filter></ClInclude>
    <ClInclude Include="Multiplayer\Presentation\RemotePlayerActionPresentation.h"><Filter>Multiplayer\Presentation</Filter></ClInclude>
    <ClInclude Include="Multiplayer\Presentation\RemotePlayerRegistry.h"><Filter>Multiplayer\Presentation</Filter></ClInclude>
    <ClInclude Include="Multiplayer\Presentation\RemotePlayerPartyHud.h"><Filter>Multiplayer\Presentation</Filter></ClInclude>
    <ClInclude Include="Multiplayer\Protocol\AuthorityMessage.h"><Filter>Multiplayer\Protocol</Filter></ClInclude>
    <ClInclude Include="Multiplayer\Protocol\EntityActionMessage.h"><Filter>Multiplayer\Protocol</Filter></ClInclude>
    <ClInclude Include="Multiplayer\Protocol\PlayerActionMessage.h"><Filter>Multiplayer\Protocol</Filter></ClInclude>
    <ClInclude Include="Multiplayer\Protocol\PlayerActorStateCodec.h"><Filter>Multiplayer\Protocol</Filter></ClInclude>
    <ClInclude Include="Multiplayer\Protocol\PlayerActorStateMessage.h"><Filter>Multiplayer\Protocol</Filter></ClInclude>
    <ClInclude Include="Multiplayer\Protocol\EntityLifecycleMessage.h"><Filter>Multiplayer\Protocol</Filter></ClInclude>
    <ClInclude Include="Multiplayer\Protocol\EntityMovementMessage.h"><Filter>Multiplayer\Protocol</Filter></ClInclude>
    <ClInclude Include="Multiplayer\Protocol\EntityVitalsMessage.h"><Filter>Multiplayer\Protocol</Filter></ClInclude>
    <ClInclude Include="Multiplayer\Protocol\EntityVitalsMessageCodec.h"><Filter>Multiplayer\Protocol</Filter></ClInclude>
    <ClInclude Include="Multiplayer\Protocol\EquipmentTransitionTiming.h"><Filter>Multiplayer\Protocol</Filter></ClInclude>
    <ClInclude Include="Multiplayer\Protocol\SessionTime.h"><Filter>Multiplayer\Protocol</Filter></ClInclude>
    <ClInclude Include="Multiplayer\Protocol\EntityLowSimulationMessage.h"><Filter>Multiplayer\Protocol</Filter></ClInclude>
    <ClInclude Include="Multiplayer\Protocol\EntityLowSimulationMessageCodec.h"><Filter>Multiplayer\Protocol</Filter></ClInclude>
    <ClInclude Include="Multiplayer\Protocol\PacketEnvelope.h"><Filter>Multiplayer\Protocol</Filter></ClInclude>
    <ClInclude Include="Multiplayer\Protocol\CombatHitMessage.h"><Filter>Multiplayer\Protocol</Filter></ClInclude>
    <ClInclude Include="Multiplayer\Protocol\CombatHitCodec.h"><Filter>Multiplayer\Protocol</Filter></ClInclude>
    <ClInclude Include="Multiplayer\Protocol\PlayerState.h"><Filter>Multiplayer\Protocol</Filter></ClInclude>
    <ClInclude Include="Multiplayer\Protocol\PlayerMovementCodec.h"><Filter>Multiplayer\Protocol</Filter></ClInclude>
    <ClInclude Include="Multiplayer\Protocol\PlayerMovementMessage.h"><Filter>Multiplayer\Protocol</Filter></ClInclude>
    <ClInclude Include="Multiplayer\Protocol\PopulationStateMessage.h"><Filter>Multiplayer\Protocol</Filter></ClInclude>
    <ClInclude Include="Multiplayer\Protocol\SavedEntityMapBaselineMessage.h"><Filter>Multiplayer\Protocol</Filter></ClInclude>
    <ClInclude Include="Multiplayer\Protocol\QuestStateSnapshotMessage.h"><Filter>Multiplayer\Protocol</Filter></ClInclude>
    <ClInclude Include="Multiplayer\Protocol\WorldSectionSnapshotMessage.h"><Filter>Multiplayer\Protocol</Filter></ClInclude>
    <ClInclude Include="Multiplayer\Replication\LocalHeroReplication.h"><Filter>Multiplayer\Replication</Filter></ClInclude>
    <ClInclude Include="Multiplayer\Replication\LocalHeroOwnedStateRestorer.h"><Filter>Multiplayer\Replication</Filter></ClInclude>
    <ClInclude Include="Multiplayer\Replication\LocalPlayerActionCapture.h"><Filter>Multiplayer\Replication</Filter></ClInclude>
    <ClInclude Include="Multiplayer\Replication\EntityActionReplication.h"><Filter>Multiplayer\Replication</Filter></ClInclude>
    <ClInclude Include="Multiplayer\Replication\PlayerActionReplication.h"><Filter>Multiplayer\Replication</Filter></ClInclude>
    <ClInclude Include="Multiplayer\Replication\PlayerActionEventQueue.h"><Filter>Multiplayer\Replication</Filter></ClInclude>
    <ClInclude Include="Multiplayer\Replication\PlayerActionSemantics.h"><Filter>Multiplayer\Replication</Filter></ClInclude>
    <ClInclude Include="Multiplayer\Replication\PlayerActorStateReplication.h"><Filter>Multiplayer\Replication</Filter></ClInclude>
    <ClInclude Include="Multiplayer\Replication\PlayerActorLifecycleLimits.h"><Filter>Multiplayer\Replication</Filter></ClInclude>
    <ClInclude Include="Multiplayer\Replication\PlayerActorLifecycleReducer.h"><Filter>Multiplayer\Replication</Filter></ClInclude>
    <ClInclude Include="Multiplayer\Replication\PlayerActorStatePublicationQueue.h"><Filter>Multiplayer\Replication</Filter></ClInclude>
    <ClInclude Include="Multiplayer\Replication\EntityVitalsReplication.h"><Filter>Multiplayer\Replication</Filter></ClInclude>
    <ClInclude Include="Multiplayer\Replication\CombatHitAuthorityPipeline.h"><Filter>Multiplayer\Replication</Filter></ClInclude>
    <ClInclude Include="Multiplayer\Replication\CombatHitReplication.h"><Filter>Multiplayer\Replication</Filter></ClInclude>
    <ClInclude Include="Multiplayer\Replication\CombatHitDeliveryState.h"><Filter>Multiplayer\Replication</Filter></ClInclude>
    <ClInclude Include="Multiplayer\Replication\EntityLowSimulationReplication.h"><Filter>Multiplayer\Replication</Filter></ClInclude>
    <ClInclude Include="Multiplayer\Replication\LocalPlayerChannel.h"><Filter>Multiplayer\Replication</Filter></ClInclude>
    <ClInclude Include="Multiplayer\Replication\RemotePlayerChannels.h"><Filter>Multiplayer\Replication</Filter></ClInclude>
    <ClInclude Include="Multiplayer\Replication\VillageMembershipReplication.h"><Filter>Multiplayer\Replication</Filter></ClInclude>
    <ClInclude Include="Multiplayer\Runtime\MultiplayerSession.h"><Filter>Multiplayer\Runtime</Filter></ClInclude>
    <ClInclude Include="Multiplayer\Transport\ReliableMessageDispatcher.h"><Filter>Multiplayer\Transport</Filter></ClInclude>
    <ClInclude Include="Multiplayer\Transport\ConnectionNonceRegistry.h"><Filter>Multiplayer\Transport</Filter></ClInclude>
    <ClInclude Include="Multiplayer\Transport\MovementTransport.h"><Filter>Multiplayer\Transport</Filter></ClInclude>
    <ClInclude Include="Multiplayer\Transport\PeerDatagramCodec.h"><Filter>Multiplayer\Transport</Filter></ClInclude>
    <ClInclude Include="Multiplayer\Transport\PeerSessionRegistry.h"><Filter>Multiplayer\Transport</Filter></ClInclude>
    <ClInclude Include="Multiplayer\Transport\ReliableStream.h"><Filter>Multiplayer\Transport</Filter></ClInclude>
    <ClInclude Include="Multiplayer\Transport\ReliableStreamTransport.h"><Filter>Multiplayer\Transport</Filter></ClInclude>
    <ClInclude Include="Multiplayer\Transport\UdpPeer.h"><Filter>Multiplayer\Transport</Filter></ClInclude>
    <ClInclude Include="Multiplayer\Transport\SessionClock.h"><Filter>Multiplayer\Transport</Filter></ClInclude>
    <ClInclude Include="Multiplayer\Transport\TransportMessage.h"><Filter>Multiplayer\Transport</Filter></ClInclude>
    <ClInclude Include="Multiplayer\World\MapIdentityRegistry.h"><Filter>Multiplayer\World</Filter></ClInclude>
    <ClInclude Include="Multiplayer\World\MapTransitionAuthorityService.h"><Filter>Multiplayer\World</Filter></ClInclude>
    <ClInclude Include="Game\World\Bindings\WorldBindings.h"><Filter>Game\World\Bindings</Filter></ClInclude>
    <ClInclude Include="Scripting\Bindings\Registry\GameBindings.h"><Filter>Scripting\Bindings\Registry</Filter></ClInclude>
    <ClInclude Include="Scripting\Runtime\Capabilities\ApiCoverage.h"><Filter>Scripting\Runtime\Capabilities</Filter></ClInclude>
    <ClInclude Include="Scripting\Runtime\Events\EventBindings.h"><Filter>Scripting\Runtime\Events</Filter></ClInclude>
    <ClInclude Include="Scripting\Runtime\Events\EventBus.h"><Filter>Scripting\Runtime\Events</Filter></ClInclude>
    <ClInclude Include="Scripting\Runtime\Host\ScriptHost.h"><Filter>Scripting\Runtime\Host</Filter></ClInclude>
    <ClInclude Include="Scripting\Runtime\Scheduling\Scheduler.h"><Filter>Scripting\Runtime\Scheduling</Filter></ClInclude>
    <ClInclude Include="Scripting\Runtime\Scheduling\SchedulerBindings.h"><Filter>Scripting\Runtime\Scheduling</Filter></ClInclude>
    <ClInclude Include="Scripting\Runtime\Storage\PersistentStore.h"><Filter>Scripting\Runtime\Storage</Filter></ClInclude>
    <ClInclude Include="Scripting\Runtime\Storage\StorageBindings.h"><Filter>Scripting\Runtime\Storage</Filter></ClInclude>
    <ClInclude Include="UI\Hud\HudService.h"><Filter>UI\Hud</Filter></ClInclude>
    <ClInclude Include="UI\Hud\Bindings\UiBindings.h"><Filter>UI\Hud\Bindings</Filter></ClInclude>
    <ClInclude Include="UI\FrontEnd\Hooks\FrontEndStartInitializerHook.h"><Filter>UI\FrontEnd\Hooks</Filter></ClInclude>
    <ClInclude Include="UI\FrontEnd\Hooks\FrontEndLifecycleHooks.h"><Filter>UI\FrontEnd\Hooks</Filter></ClInclude>
    <ClInclude Include="UI\FrontEnd\Native\FrontEndStartInitializer.h"><Filter>UI\FrontEnd\Native</Filter></ClInclude>
    <ClInclude Include="UI\FrontEnd\Native\FrontEndLifecycleFunctions.h"><Filter>UI\FrontEnd\Native</Filter></ClInclude>
    <ClInclude Include="UI\MainWindow\MainWindowHook.h"><Filter>UI\MainWindow</Filter></ClInclude>
    <ClInclude Include="Automation\CharacterSnapshot\CharacterSnapshotScenario.h"><Filter>Automation\CharacterSnapshot</Filter></ClInclude>
    <ClInclude Include="Automation\FrontEnd\FrontEndAutomationScenario.h"><Filter>Automation\FrontEnd</Filter></ClInclude>
    <ClInclude Include="Automation\Runtime\AutomationRunner.h"><Filter>Automation\Runtime</Filter></ClInclude>
    <ClInclude Include="Automation\TransformProbe\TransformProbeScenario.h"><Filter>Automation\TransformProbe</Filter></ClInclude>
    <ClInclude Include="Core\Bootstrap\ClientRuntime.h"><Filter>Core\Bootstrap</Filter></ClInclude>
    <ClInclude Include="Core\Bootstrap\ClientRuntimeServices.h"><Filter>Core\Bootstrap</Filter></ClInclude>
    <ClInclude Include="Core\Bootstrap\ClientRuntimeStartup.h"><Filter>Core\Bootstrap</Filter></ClInclude>
    <ClInclude Include="Core\Bootstrap\ClientRuntimeState.h"><Filter>Core\Bootstrap</Filter></ClInclude>
    <ClInclude Include="Core\Bootstrap\FeatureRegistry.h"><Filter>Core\Bootstrap</Filter></ClInclude>
    <ClInclude Include="Core\Diagnostics\ProcessExceptionObserver.h"><Filter>Core\Diagnostics</Filter></ClInclude>
    <ClInclude Include="Core\Target\ExecutableValidator.h"><Filter>Core\Target</Filter></ClInclude>
    <ClInclude Include="Core\Target\FableNativeLayout.h"><Filter>Core\Target</Filter></ClInclude>
    <ClInclude Include="Game\Runtime\GameServiceRuntime.h"><Filter>Game\Runtime</Filter></ClInclude>
    <ClInclude Include="Game\Runtime\GameplayRuntime.h"><Filter>Game\Runtime</Filter></ClInclude>
    <ClInclude Include="Game\Runtime\GameplayRuntimeState.h"><Filter>Game\Runtime</Filter></ClInclude>
    <ClInclude Include="Game\Runtime\GameplayFrameMailbox.h"><Filter>Game\Runtime</Filter></ClInclude>
    <ClInclude Include="Multiplayer\Runtime\MultiplayerRuntimeGraph.h"><Filter>Multiplayer\Runtime</Filter></ClInclude>
    <ClInclude Include="Multiplayer\Runtime\MultiplayerSessionContexts.h"><Filter>Multiplayer\Runtime</Filter></ClInclude>
    <ClInclude Include="Multiplayer\Runtime\PresentationLifecycleCoordinator.h"><Filter>Multiplayer\Runtime</Filter></ClInclude>
    <ClInclude Include="Multiplayer\Runtime\RemotePlayerLifecycleInvalidation.h"><Filter>Multiplayer\Runtime</Filter></ClInclude>
    <ClInclude Include="Multiplayer\Transport\ReliableSinkDescriptorRegistry.h"><Filter>Multiplayer\Transport</Filter></ClInclude>
    <ClInclude Include="Scripting\Bindings\Registry\ScriptBindingRegistry.h"><Filter>Scripting\Bindings\Registry</Filter></ClInclude>
    <ClInclude Include="UI\Runtime\GameWindowRuntime.h"><Filter>UI\Runtime</Filter></ClInclude>
  </ItemGroup>
  <ItemGroup>
    <None Include="Scripts\Debug\AppearanceCycle.as"><Filter>Scripts\Debug</Filter></None>
    <None Include="Scripts\Debug\DeveloperTools.as"><Filter>Scripts\Debug</Filter></None>
  </ItemGroup>
</Project>
